// !$*UTF8*$!
{
	archiveVersion = 1;
	classes = {
	};
	objectVersion = 46;
	objects = {

/* Begin PBXBuildFile section */
		0B4BD3682C7FD3D36AD8832C /* libPods-JabbrClient.a in Frameworks */ = {isa = PBXBuildFile; fileRef = 1090D86306F7E103B79E7158 /* libPods-JabbrClient.a */; };
		149F99421AC4D0A200525EA7 /* MEDynamicTransition.m in Sources */ = {isa = PBXBuildFile; fileRef = 149F99331AC4D0A200525EA7 /* MEDynamicTransition.m */; };
		149F99431AC4D0A200525EA7 /* MEFoldAnimationController.m in Sources */ = {isa = PBXBuildFile; fileRef = 149F99351AC4D0A200525EA7 /* MEFoldAnimationController.m */; };
		149F99441AC4D0A200525EA7 /* MEMenuViewController.m in Sources */ = {isa = PBXBuildFile; fileRef = 149F99371AC4D0A200525EA7 /* MEMenuViewController.m */; };
		149F99451AC4D0A200525EA7 /* MESettingsViewController.m in Sources */ = {isa = PBXBuildFile; fileRef = 149F99391AC4D0A200525EA7 /* MESettingsViewController.m */; };
		149F99461AC4D0A200525EA7 /* METransitions.m in Sources */ = {isa = PBXBuildFile; fileRef = 149F993B1AC4D0A200525EA7 /* METransitions.m */; };
		149F99471AC4D0A200525EA7 /* METransitionsViewController.m in Sources */ = {isa = PBXBuildFile; fileRef = 149F993D1AC4D0A200525EA7 /* METransitionsViewController.m */; };
		149F99481AC4D0A200525EA7 /* MEZoomAnimationController.m in Sources */ = {isa = PBXBuildFile; fileRef = 149F993F1AC4D0A200525EA7 /* MEZoomAnimationController.m */; };
		149F994F1AC4D11800525EA7 /* Main-iPad.storyboard in Resources */ = {isa = PBXBuildFile; fileRef = 149F994B1AC4D11800525EA7 /* Main-iPad.storyboard */; };
		14B515741ABF138A0000CC4F /* main.m in Sources */ = {isa = PBXBuildFile; fileRef = 14B515731ABF138A0000CC4F /* main.m */; };
		14B515801ABF138A0000CC4F /* Main.storyboard in Resources */ = {isa = PBXBuildFile; fileRef = 14B5157E1ABF138A0000CC4F /* Main.storyboard */; };
		14B515821ABF138A0000CC4F /* Images.xcassets in Resources */ = {isa = PBXBuildFile; fileRef = 14B515811ABF138A0000CC4F /* Images.xcassets */; };
		14B515851ABF138A0000CC4F /* LaunchScreen.xib in Resources */ = {isa = PBXBuildFile; fileRef = 14B515831ABF138A0000CC4F /* LaunchScreen.xib */; };
		14B515911ABF138A0000CC4F /* JabbrClientTests.m in Sources */ = {isa = PBXBuildFile; fileRef = 14B515901ABF138A0000CC4F /* JabbrClientTests.m */; };
		14B5159E1ABF14BB0000CC4F /* MainStoryboard_iPad.storyboard in Resources */ = {isa = PBXBuildFile; fileRef = 14B5159A1ABF14BB0000CC4F /* MainStoryboard_iPad.storyboard */; };
		14B5159F1ABF14BB0000CC4F /* MainStoryboard_iPhone.storyboard in Resources */ = {isa = PBXBuildFile; fileRef = 14B5159C1ABF14BB0000CC4F /* MainStoryboard_iPhone.storyboard */; };
		14B515AF1ABF14C90000CC4F /* AppDelegate.m in Sources */ = {isa = PBXBuildFile; fileRef = 14B515A21ABF14C90000CC4F /* AppDelegate.m */; };
		14B515B01ABF14C90000CC4F /* ChatViewController.m in Sources */ = {isa = PBXBuildFile; fileRef = 14B515A41ABF14C90000CC4F /* ChatViewController.m */; };
		14B515B11ABF14C90000CC4F /* ConnectionStatusViewController.m in Sources */ = {isa = PBXBuildFile; fileRef = 14B515A61ABF14C90000CC4F /* ConnectionStatusViewController.m */; };
		14B515B21ABF14C90000CC4F /* MasterViewController.m in Sources */ = {isa = PBXBuildFile; fileRef = 14B515A81ABF14C90000CC4F /* MasterViewController.m */; };
		14B515B31ABF14C90000CC4F /* MouseTrackingViewController.m in Sources */ = {isa = PBXBuildFile; fileRef = 14B515AA1ABF14C90000CC4F /* MouseTrackingViewController.m */; };
		14B515B41ABF14C90000CC4F /* RawViewController.m in Sources */ = {isa = PBXBuildFile; fileRef = 14B515AC1ABF14C90000CC4F /* RawViewController.m */; };
		14B515B51ABF14C90000CC4F /* StreamingViewController.m in Sources */ = {isa = PBXBuildFile; fileRef = 14B515AE1ABF14C90000CC4F /* StreamingViewController.m */; };
		14B515B81ABF15330000CC4F /* Router.m in Sources */ = {isa = PBXBuildFile; fileRef = 14B515B71ABF15330000CC4F /* Router.m */; };
/* End PBXBuildFile section */

/* Begin PBXContainerItemProxy section */
		14B5158B1ABF138A0000CC4F /* PBXContainerItemProxy */ = {
			isa = PBXContainerItemProxy;
			containerPortal = 14B515661ABF138A0000CC4F /* Project object */;
			proxyType = 1;
			remoteGlobalIDString = 14B5156D1ABF138A0000CC4F;
			remoteInfo = JabbrClient;
		};
/* End PBXContainerItemProxy section */

/* Begin PBXFileReference section */
		1090D86306F7E103B79E7158 /* libPods-JabbrClient.a */ = {isa = PBXFileReference; explicitFileType = archive.ar; includeInIndex = 0; path = "libPods-JabbrClient.a"; sourceTree = BUILT_PRODUCTS_DIR; };
		149F99321AC4D0A200525EA7 /* MEDynamicTransition.h */ = {isa = PBXFileReference; fileEncoding = 4; lastKnownFileType = sourcecode.c.h; path = MEDynamicTransition.h; sourceTree = "<group>"; };
		149F99331AC4D0A200525EA7 /* MEDynamicTransition.m */ = {isa = PBXFileReference; fileEncoding = 4; lastKnownFileType = sourcecode.c.objc; path = MEDynamicTransition.m; sourceTree = "<group>"; };
		149F99341AC4D0A200525EA7 /* MEFoldAnimationController.h */ = {isa = PBXFileReference; fileEncoding = 4; lastKnownFileType = sourcecode.c.h; path = MEFoldAnimationController.h; sourceTree = "<group>"; };
		149F99351AC4D0A200525EA7 /* MEFoldAnimationController.m */ = {isa = PBXFileReference; fileEncoding = 4; lastKnownFileType = sourcecode.c.objc; path = MEFoldAnimationController.m; sourceTree = "<group>"; };
		149F99361AC4D0A200525EA7 /* MEMenuViewController.h */ = {isa = PBXFileReference; fileEncoding = 4; lastKnownFileType = sourcecode.c.h; path = MEMenuViewController.h; sourceTree = "<group>"; };
		149F99371AC4D0A200525EA7 /* MEMenuViewController.m */ = {isa = PBXFileReference; fileEncoding = 4; lastKnownFileType = sourcecode.c.objc; path = MEMenuViewController.m; sourceTree = "<group>"; };
		149F99381AC4D0A200525EA7 /* MESettingsViewController.h */ = {isa = PBXFileReference; fileEncoding = 4; lastKnownFileType = sourcecode.c.h; path = MESettingsViewController.h; sourceTree = "<group>"; };
		149F99391AC4D0A200525EA7 /* MESettingsViewController.m */ = {isa = PBXFileReference; fileEncoding = 4; lastKnownFileType = sourcecode.c.objc; path = MESettingsViewController.m; sourceTree = "<group>"; };
		149F993A1AC4D0A200525EA7 /* METransitions.h */ = {isa = PBXFileReference; fileEncoding = 4; lastKnownFileType = sourcecode.c.h; path = METransitions.h; sourceTree = "<group>"; };
		149F993B1AC4D0A200525EA7 /* METransitions.m */ = {isa = PBXFileReference; fileEncoding = 4; lastKnownFileType = sourcecode.c.objc; path = METransitions.m; sourceTree = "<group>"; };
		149F993C1AC4D0A200525EA7 /* METransitionsViewController.h */ = {isa = PBXFileReference; fileEncoding = 4; lastKnownFileType = sourcecode.c.h; path = METransitionsViewController.h; sourceTree = "<group>"; };
		149F993D1AC4D0A200525EA7 /* METransitionsViewController.m */ = {isa = PBXFileReference; fileEncoding = 4; lastKnownFileType = sourcecode.c.objc; path = METransitionsViewController.m; sourceTree = "<group>"; };
		149F993E1AC4D0A200525EA7 /* MEZoomAnimationController.h */ = {isa = PBXFileReference; fileEncoding = 4; lastKnownFileType = sourcecode.c.h; path = MEZoomAnimationController.h; sourceTree = "<group>"; };
		149F993F1AC4D0A200525EA7 /* MEZoomAnimationController.m */ = {isa = PBXFileReference; fileEncoding = 4; lastKnownFileType = sourcecode.c.objc; path = MEZoomAnimationController.m; sourceTree = "<group>"; };
		149F994C1AC4D11800525EA7 /* Base */ = {isa = PBXFileReference; lastKnownFileType = file.storyboard; name = Base; path = "JabbrClient/Base.lproj/Main-iPad.storyboard"; sourceTree = SOURCE_ROOT; };
		14B5156E1ABF138A0000CC4F /* JabbrClient.app */ = {isa = PBXFileReference; explicitFileType = wrapper.application; includeInIndex = 0; path = JabbrClient.app; sourceTree = BUILT_PRODUCTS_DIR; };
		14B515721ABF138A0000CC4F /* Info.plist */ = {isa = PBXFileReference; lastKnownFileType = text.plist.xml; path = Info.plist; sourceTree = "<group>"; };
		14B515731ABF138A0000CC4F /* main.m */ = {isa = PBXFileReference; lastKnownFileType = sourcecode.c.objc; path = main.m; sourceTree = "<group>"; };
		14B5157F1ABF138A0000CC4F /* Base */ = {isa = PBXFileReference; lastKnownFileType = file.storyboard; name = Base; path = Base.lproj/Main.storyboard; sourceTree = "<group>"; };
		14B515811ABF138A0000CC4F /* Images.xcassets */ = {isa = PBXFileReference; lastKnownFileType = folder.assetcatalog; path = Images.xcassets; sourceTree = "<group>"; };
		14B515841ABF138A0000CC4F /* Base */ = {isa = PBXFileReference; lastKnownFileType = file.xib; name = Base; path = Base.lproj/LaunchScreen.xib; sourceTree = "<group>"; };
		14B5158A1ABF138A0000CC4F /* JabbrClientTests.xctest */ = {isa = PBXFileReference; explicitFileType = wrapper.cfbundle; includeInIndex = 0; path = JabbrClientTests.xctest; sourceTree = BUILT_PRODUCTS_DIR; };
		14B5158F1ABF138A0000CC4F /* Info.plist */ = {isa = PBXFileReference; lastKnownFileType = text.plist.xml; path = Info.plist; sourceTree = "<group>"; };
		14B515901ABF138A0000CC4F /* JabbrClientTests.m */ = {isa = PBXFileReference; lastKnownFileType = sourcecode.c.objc; path = JabbrClientTests.m; sourceTree = "<group>"; };
		14B5159B1ABF14BB0000CC4F /* Base */ = {isa = PBXFileReference; lastKnownFileType = file.storyboard; name = Base; path = Base.lproj/MainStoryboard_iPad.storyboard; sourceTree = "<group>"; };
		14B5159D1ABF14BB0000CC4F /* Base */ = {isa = PBXFileReference; lastKnownFileType = file.storyboard; name = Base; path = Base.lproj/MainStoryboard_iPhone.storyboard; sourceTree = "<group>"; };
		14B515A11ABF14C90000CC4F /* AppDelegate.h */ = {isa = PBXFileReference; fileEncoding = 4; lastKnownFileType = sourcecode.c.h; path = AppDelegate.h; sourceTree = "<group>"; };
		14B515A21ABF14C90000CC4F /* AppDelegate.m */ = {isa = PBXFileReference; fileEncoding = 4; lastKnownFileType = sourcecode.c.objc; path = AppDelegate.m; sourceTree = "<group>"; };
		14B515A31ABF14C90000CC4F /* ChatViewController.h */ = {isa = PBXFileReference; fileEncoding = 4; lastKnownFileType = sourcecode.c.h; path = ChatViewController.h; sourceTree = "<group>"; };
		14B515A41ABF14C90000CC4F /* ChatViewController.m */ = {isa = PBXFileReference; fileEncoding = 4; lastKnownFileType = sourcecode.c.objc; path = ChatViewController.m; sourceTree = "<group>"; };
		14B515A51ABF14C90000CC4F /* ConnectionStatusViewController.h */ = {isa = PBXFileReference; fileEncoding = 4; lastKnownFileType = sourcecode.c.h; path = ConnectionStatusViewController.h; sourceTree = "<group>"; };
		14B515A61ABF14C90000CC4F /* ConnectionStatusViewController.m */ = {isa = PBXFileReference; fileEncoding = 4; lastKnownFileType = sourcecode.c.objc; path = ConnectionStatusViewController.m; sourceTree = "<group>"; };
		14B515A71ABF14C90000CC4F /* MasterViewController.h */ = {isa = PBXFileReference; fileEncoding = 4; lastKnownFileType = sourcecode.c.h; path = MasterViewController.h; sourceTree = "<group>"; };
		14B515A81ABF14C90000CC4F /* MasterViewController.m */ = {isa = PBXFileReference; fileEncoding = 4; lastKnownFileType = sourcecode.c.objc; path = MasterViewController.m; sourceTree = "<group>"; };
		14B515A91ABF14C90000CC4F /* MouseTrackingViewController.h */ = {isa = PBXFileReference; fileEncoding = 4; lastKnownFileType = sourcecode.c.h; path = MouseTrackingViewController.h; sourceTree = "<group>"; };
		14B515AA1ABF14C90000CC4F /* MouseTrackingViewController.m */ = {isa = PBXFileReference; fileEncoding = 4; lastKnownFileType = sourcecode.c.objc; path = MouseTrackingViewController.m; sourceTree = "<group>"; };
		14B515AB1ABF14C90000CC4F /* RawViewController.h */ = {isa = PBXFileReference; fileEncoding = 4; lastKnownFileType = sourcecode.c.h; path = RawViewController.h; sourceTree = "<group>"; };
		14B515AC1ABF14C90000CC4F /* RawViewController.m */ = {isa = PBXFileReference; fileEncoding = 4; lastKnownFileType = sourcecode.c.objc; path = RawViewController.m; sourceTree = "<group>"; };
		14B515AD1ABF14C90000CC4F /* StreamingViewController.h */ = {isa = PBXFileReference; fileEncoding = 4; lastKnownFileType = sourcecode.c.h; path = StreamingViewController.h; sourceTree = "<group>"; };
		14B515AE1ABF14C90000CC4F /* StreamingViewController.m */ = {isa = PBXFileReference; fileEncoding = 4; lastKnownFileType = sourcecode.c.objc; path = StreamingViewController.m; sourceTree = "<group>"; };
		14B515B61ABF15330000CC4F /* Router.h */ = {isa = PBXFileReference; fileEncoding = 4; lastKnownFileType = sourcecode.c.h; path = Router.h; sourceTree = "<group>"; };
		14B515B71ABF15330000CC4F /* Router.m */ = {isa = PBXFileReference; fileEncoding = 4; lastKnownFileType = sourcecode.c.objc; path = Router.m; sourceTree = "<group>"; };
		3ED0782C5C44919FA936A1B4 /* Pods-JabbrClient.release.xcconfig */ = {isa = PBXFileReference; includeInIndex = 1; lastKnownFileType = text.xcconfig; name = "Pods-JabbrClient.release.xcconfig"; path = "Pods/Target Support Files/Pods-JabbrClient/Pods-JabbrClient.release.xcconfig"; sourceTree = "<group>"; };
		3FF416E318022D2101E2CBE9 /* Pods-JabbrClient.debug.xcconfig */ = {isa = PBXFileReference; includeInIndex = 1; lastKnownFileType = text.xcconfig; name = "Pods-JabbrClient.debug.xcconfig"; path = "Pods/Target Support Files/Pods-JabbrClient/Pods-JabbrClient.debug.xcconfig"; sourceTree = "<group>"; };
/* End PBXFileReference section */

/* Begin PBXFrameworksBuildPhase section */
		14B5156B1ABF138A0000CC4F /* Frameworks */ = {
			isa = PBXFrameworksBuildPhase;
			buildActionMask = 2147483647;
			files = (
				0B4BD3682C7FD3D36AD8832C /* libPods-JabbrClient.a in Frameworks */,
			);
			runOnlyForDeploymentPostprocessing = 0;
		};
		14B515871ABF138A0000CC4F /* Frameworks */ = {
			isa = PBXFrameworksBuildPhase;
			buildActionMask = 2147483647;
			files = (
			);
			runOnlyForDeploymentPostprocessing = 0;
		};
/* End PBXFrameworksBuildPhase section */

/* Begin PBXGroup section */
		149F99311AC4D07000525EA7 /* menu */ = {
			isa = PBXGroup;
			children = (
				149F99321AC4D0A200525EA7 /* MEDynamicTransition.h */,
				149F99331AC4D0A200525EA7 /* MEDynamicTransition.m */,
				149F99341AC4D0A200525EA7 /* MEFoldAnimationController.h */,
				149F99351AC4D0A200525EA7 /* MEFoldAnimationController.m */,
				149F99361AC4D0A200525EA7 /* MEMenuViewController.h */,
				149F99371AC4D0A200525EA7 /* MEMenuViewController.m */,
				149F99381AC4D0A200525EA7 /* MESettingsViewController.h */,
				149F99391AC4D0A200525EA7 /* MESettingsViewController.m */,
				149F993A1AC4D0A200525EA7 /* METransitions.h */,
				149F993B1AC4D0A200525EA7 /* METransitions.m */,
				149F993C1AC4D0A200525EA7 /* METransitionsViewController.h */,
				149F993D1AC4D0A200525EA7 /* METransitionsViewController.m */,
				149F993E1AC4D0A200525EA7 /* MEZoomAnimationController.h */,
				149F993F1AC4D0A200525EA7 /* MEZoomAnimationController.m */,
			);
			name = menu;
			sourceTree = "<group>";
		};
		149F994A1AC4D0FD00525EA7 /* StoryBoards */ = {
			isa = PBXGroup;
			children = (
				14B5159A1ABF14BB0000CC4F /* MainStoryboard_iPad.storyboard */,
				14B5159C1ABF14BB0000CC4F /* MainStoryboard_iPhone.storyboard */,
				14B5157E1ABF138A0000CC4F /* Main.storyboard */,
				149F994B1AC4D11800525EA7 /* Main-iPad.storyboard */,
			);
			name = StoryBoards;
			sourceTree = "<group>";
		};
		14B515651ABF138A0000CC4F = {
			isa = PBXGroup;
			children = (
				14B515701ABF138A0000CC4F /* JabbrClient */,
				14B5158D1ABF138A0000CC4F /* JabbrClientTests */,
				14B5156F1ABF138A0000CC4F /* Products */,
				5B31BC541338B01E45F1B8EB /* Pods */,
				8D4FED4A1F6F60D024E6B1EB /* Frameworks */,
			);
			sourceTree = "<group>";
		};
		14B5156F1ABF138A0000CC4F /* Products */ = {
			isa = PBXGroup;
			children = (
				14B5156E1ABF138A0000CC4F /* JabbrClient.app */,
				14B5158A1ABF138A0000CC4F /* JabbrClientTests.xctest */,
			);
			name = Products;
			sourceTree = "<group>";
		};
		14B515701ABF138A0000CC4F /* JabbrClient */ = {
			isa = PBXGroup;
			children = (
				14B515A01ABF14C90000CC4F /* Controllers */,
				14B515811ABF138A0000CC4F /* Images.xcassets */,
				14B515831ABF138A0000CC4F /* LaunchScreen.xib */,
				14B515711ABF138A0000CC4F /* Supporting Files */,
			);
			path = JabbrClient;
			sourceTree = "<group>";
		};
		14B515711ABF138A0000CC4F /* Supporting Files */ = {
			isa = PBXGroup;
			children = (
				14B515721ABF138A0000CC4F /* Info.plist */,
				14B515731ABF138A0000CC4F /* main.m */,
			);
			name = "Supporting Files";
			sourceTree = "<group>";
		};
		14B5158D1ABF138A0000CC4F /* JabbrClientTests */ = {
			isa = PBXGroup;
			children = (
				14B515901ABF138A0000CC4F /* JabbrClientTests.m */,
				14B5158E1ABF138A0000CC4F /* Supporting Files */,
			);
			path = JabbrClientTests;
			sourceTree = "<group>";
		};
		14B5158E1ABF138A0000CC4F /* Supporting Files */ = {
			isa = PBXGroup;
			children = (
				14B5158F1ABF138A0000CC4F /* Info.plist */,
			);
			name = "Supporting Files";
			sourceTree = "<group>";
		};
		14B515A01ABF14C90000CC4F /* Controllers */ = {
			isa = PBXGroup;
			children = (
				149F994A1AC4D0FD00525EA7 /* StoryBoards */,
				149F99311AC4D07000525EA7 /* menu */,
				14B515A11ABF14C90000CC4F /* AppDelegate.h */,
				14B515A21ABF14C90000CC4F /* AppDelegate.m */,
				14B515B61ABF15330000CC4F /* Router.h */,
				14B515B71ABF15330000CC4F /* Router.m */,
				14B515A31ABF14C90000CC4F /* ChatViewController.h */,
				14B515A41ABF14C90000CC4F /* ChatViewController.m */,
				14B515A51ABF14C90000CC4F /* ConnectionStatusViewController.h */,
				14B515A61ABF14C90000CC4F /* ConnectionStatusViewController.m */,
				14B515A71ABF14C90000CC4F /* MasterViewController.h */,
				14B515A81ABF14C90000CC4F /* MasterViewController.m */,
				14B515A91ABF14C90000CC4F /* MouseTrackingViewController.h */,
				14B515AA1ABF14C90000CC4F /* MouseTrackingViewController.m */,
				14B515AB1ABF14C90000CC4F /* RawViewController.h */,
				14B515AC1ABF14C90000CC4F /* RawViewController.m */,
				14B515AD1ABF14C90000CC4F /* StreamingViewController.h */,
				14B515AE1ABF14C90000CC4F /* StreamingViewController.m */,
			);
			path = Controllers;
			sourceTree = "<group>";
		};
		5B31BC541338B01E45F1B8EB /* Pods */ = {
			isa = PBXGroup;
			children = (
				3FF416E318022D2101E2CBE9 /* Pods-JabbrClient.debug.xcconfig */,
				3ED0782C5C44919FA936A1B4 /* Pods-JabbrClient.release.xcconfig */,
			);
			name = Pods;
			sourceTree = "<group>";
		};
		8D4FED4A1F6F60D024E6B1EB /* Frameworks */ = {
			isa = PBXGroup;
			children = (
				1090D86306F7E103B79E7158 /* libPods-JabbrClient.a */,
			);
			name = Frameworks;
			sourceTree = "<group>";
		};
/* End PBXGroup section */

/* Begin PBXNativeTarget section */
		14B5156D1ABF138A0000CC4F /* JabbrClient */ = {
			isa = PBXNativeTarget;
			buildConfigurationList = 14B515941ABF138A0000CC4F /* Build configuration list for PBXNativeTarget "JabbrClient" */;
			buildPhases = (
				CD6FC53FC7C9FA404B7EA421 /* Check Pods Manifest.lock */,
				14B5156A1ABF138A0000CC4F /* Sources */,
				14B5156B1ABF138A0000CC4F /* Frameworks */,
				14B5156C1ABF138A0000CC4F /* Resources */,
				A3B140121ACC4F90D6E73EAF /* Copy Pods Resources */,
			);
			buildRules = (
			);
			dependencies = (
			);
			name = JabbrClient;
			productName = JabbrClient;
			productReference = 14B5156E1ABF138A0000CC4F /* JabbrClient.app */;
			productType = "com.apple.product-type.application";
		};
		14B515891ABF138A0000CC4F /* JabbrClientTests */ = {
			isa = PBXNativeTarget;
			buildConfigurationList = 14B515971ABF138A0000CC4F /* Build configuration list for PBXNativeTarget "JabbrClientTests" */;
			buildPhases = (
				14B515861ABF138A0000CC4F /* Sources */,
				14B515871ABF138A0000CC4F /* Frameworks */,
				14B515881ABF138A0000CC4F /* Resources */,
			);
			buildRules = (
			);
			dependencies = (
				14B5158C1ABF138A0000CC4F /* PBXTargetDependency */,
			);
			name = JabbrClientTests;
			productName = JabbrClientTests;
			productReference = 14B5158A1ABF138A0000CC4F /* JabbrClientTests.xctest */;
			productType = "com.apple.product-type.bundle.unit-test";
		};
/* End PBXNativeTarget section */

/* Begin PBXProject section */
		14B515661ABF138A0000CC4F /* Project object */ = {
			isa = PBXProject;
			attributes = {
				LastUpgradeCheck = 0620;
				ORGANIZATIONNAME = Colla;
				TargetAttributes = {
					14B5156D1ABF138A0000CC4F = {
						CreatedOnToolsVersion = 6.2;
					};
					14B515891ABF138A0000CC4F = {
						CreatedOnToolsVersion = 6.2;
						TestTargetID = 14B5156D1ABF138A0000CC4F;
					};
				};
			};
			buildConfigurationList = 14B515691ABF138A0000CC4F /* Build configuration list for PBXProject "JabbrClient" */;
			compatibilityVersion = "Xcode 3.2";
			developmentRegion = English;
			hasScannedForEncodings = 0;
			knownRegions = (
				en,
				Base,
			);
			mainGroup = 14B515651ABF138A0000CC4F;
			productRefGroup = 14B5156F1ABF138A0000CC4F /* Products */;
			projectDirPath = "";
			projectRoot = "";
			targets = (
				14B5156D1ABF138A0000CC4F /* JabbrClient */,
				14B515891ABF138A0000CC4F /* JabbrClientTests */,
			);
		};
/* End PBXProject section */

/* Begin PBXResourcesBuildPhase section */
		14B5156C1ABF138A0000CC4F /* Resources */ = {
			isa = PBXResourcesBuildPhase;
			buildActionMask = 2147483647;
			files = (
				14B5159F1ABF14BB0000CC4F /* MainStoryboard_iPhone.storyboard in Resources */,
				14B5159E1ABF14BB0000CC4F /* MainStoryboard_iPad.storyboard in Resources */,
				14B515801ABF138A0000CC4F /* Main.storyboard in Resources */,
				14B515851ABF138A0000CC4F /* LaunchScreen.xib in Resources */,
				14B515821ABF138A0000CC4F /* Images.xcassets in Resources */,
				149F994F1AC4D11800525EA7 /* Main-iPad.storyboard in Resources */,
			);
			runOnlyForDeploymentPostprocessing = 0;
		};
		14B515881ABF138A0000CC4F /* Resources */ = {
			isa = PBXResourcesBuildPhase;
			buildActionMask = 2147483647;
			files = (
			);
			runOnlyForDeploymentPostprocessing = 0;
		};
/* End PBXResourcesBuildPhase section */

/* Begin PBXShellScriptBuildPhase section */
		A3B140121ACC4F90D6E73EAF /* Copy Pods Resources */ = {
			isa = PBXShellScriptBuildPhase;
			buildActionMask = 2147483647;
			files = (
			);
			inputPaths = (
			);
			name = "Copy Pods Resources";
			outputPaths = (
			);
			runOnlyForDeploymentPostprocessing = 0;
			shellPath = /bin/sh;
			shellScript = "\"${SRCROOT}/Pods/Target Support Files/Pods-JabbrClient/Pods-JabbrClient-resources.sh\"\n";
			showEnvVarsInLog = 0;
		};
		CD6FC53FC7C9FA404B7EA421 /* Check Pods Manifest.lock */ = {
			isa = PBXShellScriptBuildPhase;
			buildActionMask = 2147483647;
			files = (
			);
			inputPaths = (
			);
			name = "Check Pods Manifest.lock";
			outputPaths = (
			);
			runOnlyForDeploymentPostprocessing = 0;
			shellPath = /bin/sh;
			shellScript = "diff \"${PODS_ROOT}/../Podfile.lock\" \"${PODS_ROOT}/Manifest.lock\" > /dev/null\nif [[ $? != 0 ]] ; then\n    cat << EOM\nerror: The sandbox is not in sync with the Podfile.lock. Run 'pod install' or update your CocoaPods installation.\nEOM\n    exit 1\nfi\n";
			showEnvVarsInLog = 0;
		};
/* End PBXShellScriptBuildPhase section */

/* Begin PBXSourcesBuildPhase section */
		14B5156A1ABF138A0000CC4F /* Sources */ = {
			isa = PBXSourcesBuildPhase;
			buildActionMask = 2147483647;
			files = (
				149F99461AC4D0A200525EA7 /* METransitions.m in Sources */,
				149F99481AC4D0A200525EA7 /* MEZoomAnimationController.m in Sources */,
				14B515B11ABF14C90000CC4F /* ConnectionStatusViewController.m in Sources */,
				14B515AF1ABF14C90000CC4F /* AppDelegate.m in Sources */,
				149F99421AC4D0A200525EA7 /* MEDynamicTransition.m in Sources */,
				149F99441AC4D0A200525EA7 /* MEMenuViewController.m in Sources */,
				149F99471AC4D0A200525EA7 /* METransitionsViewController.m in Sources */,
				14B515B41ABF14C90000CC4F /* RawViewController.m in Sources */,
				149F99431AC4D0A200525EA7 /* MEFoldAnimationController.m in Sources */,
				14B515B21ABF14C90000CC4F /* MasterViewController.m in Sources */,
				14B515741ABF138A0000CC4F /* main.m in Sources */,
				14B515B51ABF14C90000CC4F /* StreamingViewController.m in Sources */,
				149F99451AC4D0A200525EA7 /* MESettingsViewController.m in Sources */,
				14B515B01ABF14C90000CC4F /* ChatViewController.m in Sources */,
				14B515B81ABF15330000CC4F /* Router.m in Sources */,
				14B515B31ABF14C90000CC4F /* MouseTrackingViewController.m in Sources */,
			);
			runOnlyForDeploymentPostprocessing = 0;
		};
		14B515861ABF138A0000CC4F /* Sources */ = {
			isa = PBXSourcesBuildPhase;
			buildActionMask = 2147483647;
			files = (
				14B515911ABF138A0000CC4F /* JabbrClientTests.m in Sources */,
			);
			runOnlyForDeploymentPostprocessing = 0;
		};
/* End PBXSourcesBuildPhase section */

/* Begin PBXTargetDependency section */
		14B5158C1ABF138A0000CC4F /* PBXTargetDependency */ = {
			isa = PBXTargetDependency;
			target = 14B5156D1ABF138A0000CC4F /* JabbrClient */;
			targetProxy = 14B5158B1ABF138A0000CC4F /* PBXContainerItemProxy */;
		};
/* End PBXTargetDependency section */

/* Begin PBXVariantGroup section */
		149F994B1AC4D11800525EA7 /* Main-iPad.storyboard */ = {
			isa = PBXVariantGroup;
			children = (
				149F994C1AC4D11800525EA7 /* Base */,
			);
			name = "Main-iPad.storyboard";
			sourceTree = "<group>";
		};
		14B5157E1ABF138A0000CC4F /* Main.storyboard */ = {
			isa = PBXVariantGroup;
			children = (
				14B5157F1ABF138A0000CC4F /* Base */,
			);
			name = Main.storyboard;
			path = ..;
			sourceTree = "<group>";
		};
		14B515831ABF138A0000CC4F /* LaunchScreen.xib */ = {
			isa = PBXVariantGroup;
			children = (
				14B515841ABF138A0000CC4F /* Base */,
			);
			name = LaunchScreen.xib;
			sourceTree = "<group>";
		};
		14B5159A1ABF14BB0000CC4F /* MainStoryboard_iPad.storyboard */ = {
			isa = PBXVariantGroup;
			children = (
				14B5159B1ABF14BB0000CC4F /* Base */,
			);
			name = MainStoryboard_iPad.storyboard;
			path = ..;
			sourceTree = "<group>";
		};
		14B5159C1ABF14BB0000CC4F /* MainStoryboard_iPhone.storyboard */ = {
			isa = PBXVariantGroup;
			children = (
				14B5159D1ABF14BB0000CC4F /* Base */,
			);
			name = MainStoryboard_iPhone.storyboard;
			path = ..;
			sourceTree = "<group>";
		};
/* End PBXVariantGroup section */

/* Begin XCBuildConfiguration section */
		14B515921ABF138A0000CC4F /* Debug */ = {
			isa = XCBuildConfiguration;
			buildSettings = {
				ALWAYS_SEARCH_USER_PATHS = NO;
				CLANG_CXX_LANGUAGE_STANDARD = "gnu++0x";
				CLANG_CXX_LIBRARY = "libc++";
				CLANG_ENABLE_MODULES = YES;
				CLANG_ENABLE_OBJC_ARC = YES;
				CLANG_WARN_BOOL_CONVERSION = YES;
				CLANG_WARN_CONSTANT_CONVERSION = YES;
				CLANG_WARN_DIRECT_OBJC_ISA_USAGE = YES_ERROR;
				CLANG_WARN_EMPTY_BODY = YES;
				CLANG_WARN_ENUM_CONVERSION = YES;
				CLANG_WARN_INT_CONVERSION = YES;
				CLANG_WARN_OBJC_ROOT_CLASS = YES_ERROR;
				CLANG_WARN_UNREACHABLE_CODE = YES;
				CLANG_WARN__DUPLICATE_METHOD_MATCH = YES;
				"CODE_SIGN_IDENTITY[sdk=iphoneos*]" = "iPhone Developer";
				COPY_PHASE_STRIP = NO;
				ENABLE_STRICT_OBJC_MSGSEND = YES;
				GCC_C_LANGUAGE_STANDARD = gnu99;
				GCC_DYNAMIC_NO_PIC = NO;
				GCC_OPTIMIZATION_LEVEL = 0;
				GCC_PREPROCESSOR_DEFINITIONS = (
					"DEBUG=1",
					"$(inherited)",
				);
				GCC_SYMBOLS_PRIVATE_EXTERN = NO;
				GCC_WARN_64_TO_32_BIT_CONVERSION = YES;
				GCC_WARN_ABOUT_RETURN_TYPE = YES_ERROR;
				GCC_WARN_UNDECLARED_SELECTOR = YES;
				GCC_WARN_UNINITIALIZED_AUTOS = YES_AGGRESSIVE;
				GCC_WARN_UNUSED_FUNCTION = YES;
				GCC_WARN_UNUSED_VARIABLE = YES;
				IPHONEOS_DEPLOYMENT_TARGET = 8.2;
				MTL_ENABLE_DEBUG_INFO = YES;
				ONLY_ACTIVE_ARCH = YES;
				SDKROOT = iphoneos;
				TARGETED_DEVICE_FAMILY = "1,2";
			};
			name = Debug;
		};
		14B515931ABF138A0000CC4F /* Release */ = {
			isa = XCBuildConfiguration;
			buildSettings = {
				ALWAYS_SEARCH_USER_PATHS = NO;
				CLANG_CXX_LANGUAGE_STANDARD = "gnu++0x";
				CLANG_CXX_LIBRARY = "libc++";
				CLANG_ENABLE_MODULES = YES;
				CLANG_ENABLE_OBJC_ARC = YES;
				CLANG_WARN_BOOL_CONVERSION = YES;
				CLANG_WARN_CONSTANT_CONVERSION = YES;
				CLANG_WARN_DIRECT_OBJC_ISA_USAGE = YES_ERROR;
				CLANG_WARN_EMPTY_BODY = YES;
				CLANG_WARN_ENUM_CONVERSION = YES;
				CLANG_WARN_INT_CONVERSION = YES;
				CLANG_WARN_OBJC_ROOT_CLASS = YES_ERROR;
				CLANG_WARN_UNREACHABLE_CODE = YES;
				CLANG_WARN__DUPLICATE_METHOD_MATCH = YES;
				"CODE_SIGN_IDENTITY[sdk=iphoneos*]" = "iPhone Developer";
				COPY_PHASE_STRIP = NO;
				ENABLE_NS_ASSERTIONS = NO;
				ENABLE_STRICT_OBJC_MSGSEND = YES;
				GCC_C_LANGUAGE_STANDARD = gnu99;
				GCC_WARN_64_TO_32_BIT_CONVERSION = YES;
				GCC_WARN_ABOUT_RETURN_TYPE = YES_ERROR;
				GCC_WARN_UNDECLARED_SELECTOR = YES;
				GCC_WARN_UNINITIALIZED_AUTOS = YES_AGGRESSIVE;
				GCC_WARN_UNUSED_FUNCTION = YES;
				GCC_WARN_UNUSED_VARIABLE = YES;
				IPHONEOS_DEPLOYMENT_TARGET = 8.2;
				MTL_ENABLE_DEBUG_INFO = NO;
				SDKROOT = iphoneos;
				TARGETED_DEVICE_FAMILY = "1,2";
				VALIDATE_PRODUCT = YES;
			};
			name = Release;
		};
		14B515951ABF138A0000CC4F /* Debug */ = {
			isa = XCBuildConfiguration;
			baseConfigurationReference = 3FF416E318022D2101E2CBE9 /* Pods-JabbrClient.debug.xcconfig */;
			buildSettings = {
				ASSETCATALOG_COMPILER_APPICON_NAME = AppIcon;
				INFOPLIST_FILE = JabbrClient/Info.plist;
				LD_RUNPATH_SEARCH_PATHS = "$(inherited) @executable_path/Frameworks";
				PRODUCT_NAME = "$(TARGET_NAME)";
			};
			name = Debug;
		};
		14B515961ABF138A0000CC4F /* Release */ = {
			isa = XCBuildConfiguration;
			baseConfigurationReference = 3ED0782C5C44919FA936A1B4 /* Pods-JabbrClient.release.xcconfig */;
			buildSettings = {
				ASSETCATALOG_COMPILER_APPICON_NAME = AppIcon;
				INFOPLIST_FILE = JabbrClient/Info.plist;
				LD_RUNPATH_SEARCH_PATHS = "$(inherited) @executable_path/Frameworks";
				PRODUCT_NAME = "$(TARGET_NAME)";
			};
			name = Release;
		};
		14B515981ABF138A0000CC4F /* Debug */ = {
			isa = XCBuildConfiguration;
			buildSettings = {
				BUNDLE_LOADER = "$(TEST_HOST)";
				FRAMEWORK_SEARCH_PATHS = (
					"$(SDKROOT)/Developer/Library/Frameworks",
					"$(inherited)",
				);
				GCC_PREPROCESSOR_DEFINITIONS = (
					"DEBUG=1",
					"$(inherited)",
				);
				INFOPLIST_FILE = JabbrClientTests/Info.plist;
				LD_RUNPATH_SEARCH_PATHS = "$(inherited) @executable_path/Frameworks @loader_path/Frameworks";
				PRODUCT_NAME = "$(TARGET_NAME)";
				TEST_HOST = "$(BUILT_PRODUCTS_DIR)/JabbrClient.app/JabbrClient";
			};
			name = Debug;
		};
		14B515991ABF138A0000CC4F /* Release */ = {
			isa = XCBuildConfiguration;
			buildSettings = {
				BUNDLE_LOADER = "$(TEST_HOST)";
				FRAMEWORK_SEARCH_PATHS = (
					"$(SDKROOT)/Developer/Library/Frameworks",
					"$(inherited)",
				);
				INFOPLIST_FILE = JabbrClientTests/Info.plist;
				LD_RUNPATH_SEARCH_PATHS = "$(inherited) @executable_path/Frameworks @loader_path/Frameworks";
				PRODUCT_NAME = "$(TARGET_NAME)";
				TEST_HOST = "$(BUILT_PRODUCTS_DIR)/JabbrClient.app/JabbrClient";
			};
			name = Release;
		};
/* End XCBuildConfiguration section */

/* Begin XCConfigurationList section */
		14B515691ABF138A0000CC4F /* Build configuration list for PBXProject "JabbrClient" */ = {
			isa = XCConfigurationList;
			buildConfigurations = (
				14B515921ABF138A0000CC4F /* Debug */,
				14B515931ABF138A0000CC4F /* Release */,
			);
			defaultConfigurationIsVisible = 0;
			defaultConfigurationName = Release;
		};
		14B515941ABF138A0000CC4F /* Build configuration list for PBXNativeTarget "JabbrClient" */ = {
			isa = XCConfigurationList;
			buildConfigurations = (
				14B515951ABF138A0000CC4F /* Debug */,
				14B515961ABF138A0000CC4F /* Release */,
			);
			defaultConfigurationIsVisible = 0;
			defaultConfigurationName = Release;
		};
		14B515971ABF138A0000CC4F /* Build configuration list for PBXNativeTarget "JabbrClientTests" */ = {
			isa = XCConfigurationList;
			buildConfigurations = (
				14B515981ABF138A0000CC4F /* Debug */,
				14B515991ABF138A0000CC4F /* Release */,
			);
			defaultConfigurationIsVisible = 0;
			defaultConfigurationName = Release;
		};
/* End XCConfigurationList section */
	};
	rootObject = 14B515661ABF138A0000CC4F /* Project object */;
}
