// !$*UTF8*$!
{
	archiveVersion = 1;
	classes = {
	};
	objectVersion = 46;
	objects = {

/* Begin PBXBuildFile section */
		1404B5361AF118BB00363178 /* CLASignalRMessageClient.m in Sources */ = {isa = PBXBuildFile; fileRef = 1404B5351AF118BB00363178 /* CLASignalRMessageClient.m */; };
		1407AA021AF50E4D00E42F2C /* CLAChatInfoViewController.m in Sources */ = {isa = PBXBuildFile; fileRef = 1407AA011AF50E4D00E42F2C /* CLAChatInfoViewController.m */; };
		1419E8E91B1E271C0057CAC5 /* CLAInMemoryDataRepository.m in Sources */ = {isa = PBXBuildFile; fileRef = 1419E8E81B1E271C0057CAC5 /* CLAInMemoryDataRepository.m */; };
		142046431AD1EC91006143D5 /* AuthManager.m in Sources */ = {isa = PBXBuildFile; fileRef = 142046421AD1EC91006143D5 /* AuthManager.m */; };
		142046461AD1F866006143D5 /* SignInViewController.m in Sources */ = {isa = PBXBuildFile; fileRef = 142046451AD1F866006143D5 /* SignInViewController.m */; };
		142046491AD203FD006143D5 /* Constants.m in Sources */ = {isa = PBXBuildFile; fileRef = 142046481AD203FD006143D5 /* Constants.m */; };
		142150881B035E1500D18214 /* Localizable.strings in Resources */ = {isa = PBXBuildFile; fileRef = 1421508A1B035E1500D18214 /* Localizable.strings */; };
		142FFA6B1AFD4B3C0076DB6E /* CLAUtility.m in Sources */ = {isa = PBXBuildFile; fileRef = 142FFA6A1AFD4B3C0076DB6E /* CLAUtility.m */; };
		1430E00C1AF6DFF300F2D974 /* CLARoomViewModel.m in Sources */ = {isa = PBXBuildFile; fileRef = 1430E00B1AF6DFF300F2D974 /* CLARoomViewModel.m */; };
		144D9EE91AF03528005EBAD2 /* CLATeam.m in Sources */ = {isa = PBXBuildFile; fileRef = 144D9EE81AF03528005EBAD2 /* CLATeam.m */; };
		144D9EEC1AF035D6005EBAD2 /* CLARoom.m in Sources */ = {isa = PBXBuildFile; fileRef = 144D9EEB1AF035D6005EBAD2 /* CLARoom.m */; };
		144D9EEF1AF03668005EBAD2 /* CLAUser.m in Sources */ = {isa = PBXBuildFile; fileRef = 144D9EEE1AF03668005EBAD2 /* CLAUser.m */; };
		1463CB061AF955AD00BC2513 /* CLACreateTeamViewController.m in Sources */ = {isa = PBXBuildFile; fileRef = 1463CB051AF955AD00BC2513 /* CLACreateTeamViewController.m */; };
		1463CB0A1AF95D0A00BC2513 /* CLAToastManager.m in Sources */ = {isa = PBXBuildFile; fileRef = 1463CB091AF95D0A00BC2513 /* CLAToastManager.m */; };
		1463CB0D1AF9691300BC2513 /* CLACreateRoomViewController.m in Sources */ = {isa = PBXBuildFile; fileRef = 1463CB0C1AF9691300BC2513 /* CLACreateRoomViewController.m */; };
		14679E961AC8838900316C9C /* ObjectThread.m in Sources */ = {isa = PBXBuildFile; fileRef = 14679E951AC8838900316C9C /* ObjectThread.m */; };
		146C9BAD1AFC18AE00885F96 /* CLAUserRegistrationViewModel.m in Sources */ = {isa = PBXBuildFile; fileRef = 146C9BAC1AFC18AE00885F96 /* CLAUserRegistrationViewModel.m */; };
		146C9BB01AFC199500885F96 /* CLAWebApiClient.m in Sources */ = {isa = PBXBuildFile; fileRef = 146C9BAF1AFC199500885F96 /* CLAWebApiClient.m */; };
		146D83D91AF17B1E00855C59 /* CLASignUpViewController.m in Sources */ = {isa = PBXBuildFile; fileRef = 146D83D81AF17B1E00855C59 /* CLASignUpViewController.m */; };
		146D83E31AF19F3300855C59 /* CLAKeyboardAwareViewController.m in Sources */ = {isa = PBXBuildFile; fileRef = 146D83E21AF19F3300855C59 /* CLAKeyboardAwareViewController.m */; };
		1479A8101ACC372800A31A7E /* ChatThread+Category.m in Sources */ = {isa = PBXBuildFile; fileRef = 1479A80F1ACC372800A31A7E /* ChatThread+Category.m */; };
		14805B781B298C9C007ACBE2 /* WindowsAzureMessaging.framework in Frameworks */ = {isa = PBXBuildFile; fileRef = 14805B771B298C9C007ACBE2 /* WindowsAzureMessaging.framework */; };
		14805B7E1B2A1DF5007ACBE2 /* CLANotification.m in Sources */ = {isa = PBXBuildFile; fileRef = 14805B7D1B2A1DF5007ACBE2 /* CLANotification.m */; };
		14938DEA1AD4645E00BCC852 /* DocumentThread+Category.m in Sources */ = {isa = PBXBuildFile; fileRef = 14938DE91AD4645E00BCC852 /* DocumentThread+Category.m */; };
		149718561ADABFE400785D11 /* CLAPadBaseViewController.m in Sources */ = {isa = PBXBuildFile; fileRef = 149718551ADABFE400785D11 /* CLAPadBaseViewController.m */; };
		149F99441AC4D0A200525EA7 /* LeftMenuViewController.m in Sources */ = {isa = PBXBuildFile; fileRef = 149F99371AC4D0A200525EA7 /* LeftMenuViewController.m */; };
		14A836031AD177E4001F33E4 /* SlidingViewController.m in Sources */ = {isa = PBXBuildFile; fileRef = 14A836021AD177E4001F33E4 /* SlidingViewController.m */; };
		14B515741ABF138A0000CC4F /* main.m in Sources */ = {isa = PBXBuildFile; fileRef = 14B515731ABF138A0000CC4F /* main.m */; };
		14B515801ABF138A0000CC4F /* Main.storyboard in Resources */ = {isa = PBXBuildFile; fileRef = 14B5157E1ABF138A0000CC4F /* Main.storyboard */; };
		14B515821ABF138A0000CC4F /* Images.xcassets in Resources */ = {isa = PBXBuildFile; fileRef = 14B515811ABF138A0000CC4F /* Images.xcassets */; };
		14B515851ABF138A0000CC4F /* LaunchScreen.xib in Resources */ = {isa = PBXBuildFile; fileRef = 14B515831ABF138A0000CC4F /* LaunchScreen.xib */; };
		14B515911ABF138A0000CC4F /* JabbrClientTests.m in Sources */ = {isa = PBXBuildFile; fileRef = 14B515901ABF138A0000CC4F /* JabbrClientTests.m */; };
		14B515AF1ABF14C90000CC4F /* AppDelegate.m in Sources */ = {isa = PBXBuildFile; fileRef = 14B515A21ABF14C90000CC4F /* AppDelegate.m */; };
		14B515B01ABF14C90000CC4F /* ChatViewController.m in Sources */ = {isa = PBXBuildFile; fileRef = 14B515A41ABF14C90000CC4F /* ChatViewController.m */; };
		14B6FB4C1ACB352300E5B5A5 /* RightMenuViewController.m in Sources */ = {isa = PBXBuildFile; fileRef = 14B6FB4B1ACB352300E5B5A5 /* RightMenuViewController.m */; };
		14B6FB4F1ACB397700E5B5A5 /* ChatThread.m in Sources */ = {isa = PBXBuildFile; fileRef = 14B6FB4E1ACB397700E5B5A5 /* ChatThread.m */; };
		14B6FB521ACB399400E5B5A5 /* DocumentThread.m in Sources */ = {isa = PBXBuildFile; fileRef = 14B6FB511ACB399400E5B5A5 /* DocumentThread.m */; };
		14B6FB551ACB4CF500E5B5A5 /* DocumentViewController.m in Sources */ = {isa = PBXBuildFile; fileRef = 14B6FB541ACB4CF500E5B5A5 /* DocumentViewController.m */; };
		14B6FB581ACB5AC700E5B5A5 /* DemoData.m in Sources */ = {isa = PBXBuildFile; fileRef = 14B6FB571ACB5AC700E5B5A5 /* DemoData.m */; };
		14BA990B1AD317BC00776556 /* ProfileViewController.m in Sources */ = {isa = PBXBuildFile; fileRef = 14BA990A1AD317BC00776556 /* ProfileViewController.m */; };
		14BA990E1AD33D1000776556 /* CLAMessage.m in Sources */ = {isa = PBXBuildFile; fileRef = 14BA990D1AD33D1000776556 /* CLAMessage.m */; };
		14BE49C61B039D5C005C04E9 /* CLAHomeTopicViewController.m in Sources */ = {isa = PBXBuildFile; fileRef = 14BE49C51B039D5C005C04E9 /* CLAHomeTopicViewController.m */; };
		14BEBC3F1AF2E67100F2470C /* CLATeamViewModel.m in Sources */ = {isa = PBXBuildFile; fileRef = 14BEBC3E1AF2E67100F2470C /* CLATeamViewModel.m */; };
		14D905211B1BB98400B6DF63 /* CLAHomeMasterViewController.m in Sources */ = {isa = PBXBuildFile; fileRef = 14D905201B1BB98400B6DF63 /* CLAHomeMasterViewController.m */; };
		14D905241B1BC36200B6DF63 /* CLAHomeMemberViewController.m in Sources */ = {isa = PBXBuildFile; fileRef = 14D905231B1BC36200B6DF63 /* CLAHomeMemberViewController.m */; };
		14F5B5CC1B2CD796005FDCC3 /* CLAAzureHubPushNotificationService.m in Sources */ = {isa = PBXBuildFile; fileRef = 14F5B5CB1B2CD796005FDCC3 /* CLAAzureHubPushNotificationService.m */; };
		14F8677F1B020D2A00CF751F /* CLARoundFrameButton.m in Sources */ = {isa = PBXBuildFile; fileRef = 14F8677E1B020D2A00CF751F /* CLARoundFrameButton.m */; };
		EE809097EABCDD6117E3CED2 /* libPods-Collara.a in Frameworks */ = {isa = PBXBuildFile; fileRef = DFE68A76A0440538A1CFB906 /* libPods-Collara.a */; };
/* End PBXBuildFile section */

/* Begin PBXContainerItemProxy section */
		14B5158B1ABF138A0000CC4F /* PBXContainerItemProxy */ = {
			isa = PBXContainerItemProxy;
			containerPortal = 14B515661ABF138A0000CC4F /* Project object */;
			proxyType = 1;
			remoteGlobalIDString = 14B5156D1ABF138A0000CC4F;
			remoteInfo = JabbrClient;
		};
/* End PBXContainerItemProxy section */

/* Begin PBXFileReference section */
		1090D86306F7E103B79E7158 /* libPods-JabbrClient.a */ = {isa = PBXFileReference; explicitFileType = archive.ar; includeInIndex = 0; path = "libPods-JabbrClient.a"; sourceTree = BUILT_PRODUCTS_DIR; };
		1404B5311AF10ED400363178 /* CLAMessageClient.h */ = {isa = PBXFileReference; fileEncoding = 4; lastKnownFileType = sourcecode.c.h; name = CLAMessageClient.h; path = Lib/CLAMessageClient.h; sourceTree = "<group>"; };
		1404B5341AF118BB00363178 /* CLASignalRMessageClient.h */ = {isa = PBXFileReference; fileEncoding = 4; lastKnownFileType = sourcecode.c.h; name = CLASignalRMessageClient.h; path = Lib/CLASignalRMessageClient.h; sourceTree = "<group>"; };
		1404B5351AF118BB00363178 /* CLASignalRMessageClient.m */ = {isa = PBXFileReference; fileEncoding = 4; lastKnownFileType = sourcecode.c.objc; name = CLASignalRMessageClient.m; path = Lib/CLASignalRMessageClient.m; sourceTree = "<group>"; };
		1407AA001AF50E4D00E42F2C /* CLAChatInfoViewController.h */ = {isa = PBXFileReference; fileEncoding = 4; lastKnownFileType = sourcecode.c.h; path = CLAChatInfoViewController.h; sourceTree = "<group>"; };
		1407AA011AF50E4D00E42F2C /* CLAChatInfoViewController.m */ = {isa = PBXFileReference; fileEncoding = 4; lastKnownFileType = sourcecode.c.objc; path = CLAChatInfoViewController.m; sourceTree = "<group>"; };
		1419E8E41B1E26ED0057CAC5 /* CLADataRepositoryProtocol.h */ = {isa = PBXFileReference; fileEncoding = 4; lastKnownFileType = sourcecode.c.h; name = CLADataRepositoryProtocol.h; path = Repository/CLADataRepositoryProtocol.h; sourceTree = "<group>"; };
		1419E8E71B1E271C0057CAC5 /* CLAInMemoryDataRepository.h */ = {isa = PBXFileReference; fileEncoding = 4; lastKnownFileType = sourcecode.c.h; name = CLAInMemoryDataRepository.h; path = Repository/CLAInMemoryDataRepository.h; sourceTree = "<group>"; };
		1419E8E81B1E271C0057CAC5 /* CLAInMemoryDataRepository.m */ = {isa = PBXFileReference; fileEncoding = 4; lastKnownFileType = sourcecode.c.objc; name = CLAInMemoryDataRepository.m; path = Repository/CLAInMemoryDataRepository.m; sourceTree = "<group>"; };
		142046411AD1EC91006143D5 /* AuthManager.h */ = {isa = PBXFileReference; fileEncoding = 4; lastKnownFileType = sourcecode.c.h; name = AuthManager.h; path = Lib/AuthManager.h; sourceTree = "<group>"; };
		142046421AD1EC91006143D5 /* AuthManager.m */ = {isa = PBXFileReference; fileEncoding = 4; lastKnownFileType = sourcecode.c.objc; name = AuthManager.m; path = Lib/AuthManager.m; sourceTree = "<group>"; };
		142046441AD1F866006143D5 /* SignInViewController.h */ = {isa = PBXFileReference; fileEncoding = 4; lastKnownFileType = sourcecode.c.h; path = SignInViewController.h; sourceTree = "<group>"; };
		142046451AD1F866006143D5 /* SignInViewController.m */ = {isa = PBXFileReference; fileEncoding = 4; lastKnownFileType = sourcecode.c.objc; path = SignInViewController.m; sourceTree = "<group>"; };
		142046471AD203FD006143D5 /* Constants.h */ = {isa = PBXFileReference; fileEncoding = 4; lastKnownFileType = sourcecode.c.h; name = Constants.h; path = Lib/Constants.h; sourceTree = "<group>"; };
		142046481AD203FD006143D5 /* Constants.m */ = {isa = PBXFileReference; fileEncoding = 4; lastKnownFileType = sourcecode.c.objc; name = Constants.m; path = Lib/Constants.m; sourceTree = "<group>"; };
		142150861B035DD200D18214 /* zh-Hans */ = {isa = PBXFileReference; lastKnownFileType = text.plist.strings; name = "zh-Hans"; path = "zh-Hans.lproj/Main.strings"; sourceTree = "<group>"; };
		142150871B035DD200D18214 /* zh-Hans */ = {isa = PBXFileReference; lastKnownFileType = text.plist.strings; name = "zh-Hans"; path = "zh-Hans.lproj/LaunchScreen.strings"; sourceTree = "<group>"; };
		142150891B035E1500D18214 /* zh-Hans */ = {isa = PBXFileReference; lastKnownFileType = text.plist.strings; name = "zh-Hans"; path = "zh-Hans.lproj/Localizable.strings"; sourceTree = "<group>"; };
		1421508C1B035F9900D18214 /* en */ = {isa = PBXFileReference; lastKnownFileType = text.plist.strings; name = en; path = en.lproj/Localizable.strings; sourceTree = "<group>"; };
		1421508E1B036A2700D18214 /* en */ = {isa = PBXFileReference; lastKnownFileType = text.plist.strings; name = en; path = en.lproj/Main.strings; sourceTree = "<group>"; };
		142FFA691AFD4B3C0076DB6E /* CLAUtility.h */ = {isa = PBXFileReference; fileEncoding = 4; lastKnownFileType = sourcecode.c.h; name = CLAUtility.h; path = Lib/CLAUtility.h; sourceTree = "<group>"; };
		142FFA6A1AFD4B3C0076DB6E /* CLAUtility.m */ = {isa = PBXFileReference; fileEncoding = 4; lastKnownFileType = sourcecode.c.objc; name = CLAUtility.m; path = Lib/CLAUtility.m; sourceTree = "<group>"; };
		1430E00A1AF6DFF300F2D974 /* CLARoomViewModel.h */ = {isa = PBXFileReference; fileEncoding = 4; lastKnownFileType = sourcecode.c.h; name = CLARoomViewModel.h; path = ViewModel/CLARoomViewModel.h; sourceTree = "<group>"; };
		1430E00B1AF6DFF300F2D974 /* CLARoomViewModel.m */ = {isa = PBXFileReference; fileEncoding = 4; lastKnownFileType = sourcecode.c.objc; name = CLARoomViewModel.m; path = ViewModel/CLARoomViewModel.m; sourceTree = "<group>"; };
		144D9EE71AF03528005EBAD2 /* CLATeam.h */ = {isa = PBXFileReference; fileEncoding = 4; lastKnownFileType = sourcecode.c.h; name = CLATeam.h; path = JabbrClient/DataModel/CLATeam.h; sourceTree = SOURCE_ROOT; };
		144D9EE81AF03528005EBAD2 /* CLATeam.m */ = {isa = PBXFileReference; fileEncoding = 4; lastKnownFileType = sourcecode.c.objc; name = CLATeam.m; path = JabbrClient/DataModel/CLATeam.m; sourceTree = SOURCE_ROOT; };
		144D9EEA1AF035D6005EBAD2 /* CLARoom.h */ = {isa = PBXFileReference; fileEncoding = 4; lastKnownFileType = sourcecode.c.h; name = CLARoom.h; path = JabbrClient/DataModel/CLARoom.h; sourceTree = SOURCE_ROOT; };
		144D9EEB1AF035D6005EBAD2 /* CLARoom.m */ = {isa = PBXFileReference; fileEncoding = 4; lastKnownFileType = sourcecode.c.objc; name = CLARoom.m; path = JabbrClient/DataModel/CLARoom.m; sourceTree = SOURCE_ROOT; };
		144D9EED1AF03668005EBAD2 /* CLAUser.h */ = {isa = PBXFileReference; fileEncoding = 4; lastKnownFileType = sourcecode.c.h; name = CLAUser.h; path = JabbrClient/DataModel/CLAUser.h; sourceTree = SOURCE_ROOT; };
		144D9EEE1AF03668005EBAD2 /* CLAUser.m */ = {isa = PBXFileReference; fileEncoding = 4; lastKnownFileType = sourcecode.c.objc; name = CLAUser.m; path = JabbrClient/DataModel/CLAUser.m; sourceTree = SOURCE_ROOT; };
		1463CB041AF955AD00BC2513 /* CLACreateTeamViewController.h */ = {isa = PBXFileReference; fileEncoding = 4; lastKnownFileType = sourcecode.c.h; path = CLACreateTeamViewController.h; sourceTree = "<group>"; };
		1463CB051AF955AD00BC2513 /* CLACreateTeamViewController.m */ = {isa = PBXFileReference; fileEncoding = 4; lastKnownFileType = sourcecode.c.objc; path = CLACreateTeamViewController.m; sourceTree = "<group>"; };
		1463CB081AF95D0A00BC2513 /* CLAToastManager.h */ = {isa = PBXFileReference; fileEncoding = 4; lastKnownFileType = sourcecode.c.h; name = CLAToastManager.h; path = Lib/CLAToastManager.h; sourceTree = "<group>"; };
		1463CB091AF95D0A00BC2513 /* CLAToastManager.m */ = {isa = PBXFileReference; fileEncoding = 4; lastKnownFileType = sourcecode.c.objc; name = CLAToastManager.m; path = Lib/CLAToastManager.m; sourceTree = "<group>"; };
		1463CB0B1AF9691300BC2513 /* CLACreateRoomViewController.h */ = {isa = PBXFileReference; fileEncoding = 4; lastKnownFileType = sourcecode.c.h; path = CLACreateRoomViewController.h; sourceTree = "<group>"; };
		1463CB0C1AF9691300BC2513 /* CLACreateRoomViewController.m */ = {isa = PBXFileReference; fileEncoding = 4; lastKnownFileType = sourcecode.c.objc; path = CLACreateRoomViewController.m; sourceTree = "<group>"; };
		14679E941AC8838900316C9C /* ObjectThread.h */ = {isa = PBXFileReference; fileEncoding = 4; lastKnownFileType = sourcecode.c.h; name = ObjectThread.h; path = JabbrClient/DataModel/ObjectThread.h; sourceTree = SOURCE_ROOT; };
		14679E951AC8838900316C9C /* ObjectThread.m */ = {isa = PBXFileReference; fileEncoding = 4; lastKnownFileType = sourcecode.c.objc; name = ObjectThread.m; path = JabbrClient/DataModel/ObjectThread.m; sourceTree = SOURCE_ROOT; };
		146C9BA81AFC172C00885F96 /* CLAApiClient.h */ = {isa = PBXFileReference; fileEncoding = 4; lastKnownFileType = sourcecode.c.h; name = CLAApiClient.h; path = Lib/CLAApiClient.h; sourceTree = "<group>"; };
		146C9BAB1AFC18AE00885F96 /* CLAUserRegistrationViewModel.h */ = {isa = PBXFileReference; fileEncoding = 4; lastKnownFileType = sourcecode.c.h; name = CLAUserRegistrationViewModel.h; path = JabbrClient/DataModel/CLAUserRegistrationViewModel.h; sourceTree = SOURCE_ROOT; };
		146C9BAC1AFC18AE00885F96 /* CLAUserRegistrationViewModel.m */ = {isa = PBXFileReference; fileEncoding = 4; lastKnownFileType = sourcecode.c.objc; name = CLAUserRegistrationViewModel.m; path = JabbrClient/DataModel/CLAUserRegistrationViewModel.m; sourceTree = SOURCE_ROOT; };
		146C9BAE1AFC199500885F96 /* CLAWebApiClient.h */ = {isa = PBXFileReference; fileEncoding = 4; lastKnownFileType = sourcecode.c.h; name = CLAWebApiClient.h; path = Lib/CLAWebApiClient.h; sourceTree = "<group>"; };
		146C9BAF1AFC199500885F96 /* CLAWebApiClient.m */ = {isa = PBXFileReference; fileEncoding = 4; lastKnownFileType = sourcecode.c.objc; name = CLAWebApiClient.m; path = Lib/CLAWebApiClient.m; sourceTree = "<group>"; };
		146D83D71AF17B1E00855C59 /* CLASignUpViewController.h */ = {isa = PBXFileReference; fileEncoding = 4; lastKnownFileType = sourcecode.c.h; path = CLASignUpViewController.h; sourceTree = "<group>"; };
		146D83D81AF17B1E00855C59 /* CLASignUpViewController.m */ = {isa = PBXFileReference; fileEncoding = 4; lastKnownFileType = sourcecode.c.objc; path = CLASignUpViewController.m; sourceTree = "<group>"; };
		146D83E11AF19F3300855C59 /* CLAKeyboardAwareViewController.h */ = {isa = PBXFileReference; fileEncoding = 4; lastKnownFileType = sourcecode.c.h; path = CLAKeyboardAwareViewController.h; sourceTree = "<group>"; };
		146D83E21AF19F3300855C59 /* CLAKeyboardAwareViewController.m */ = {isa = PBXFileReference; fileEncoding = 4; lastKnownFileType = sourcecode.c.objc; path = CLAKeyboardAwareViewController.m; sourceTree = "<group>"; };
		1479A80E1ACC372800A31A7E /* ChatThread+Category.h */ = {isa = PBXFileReference; fileEncoding = 4; lastKnownFileType = sourcecode.c.h; name = "ChatThread+Category.h"; path = "JabbrClient/DataModel/ChatThread+Category.h"; sourceTree = SOURCE_ROOT; };
		1479A80F1ACC372800A31A7E /* ChatThread+Category.m */ = {isa = PBXFileReference; fileEncoding = 4; lastKnownFileType = sourcecode.c.objc; name = "ChatThread+Category.m"; path = "JabbrClient/DataModel/ChatThread+Category.m"; sourceTree = SOURCE_ROOT; };
		14805B771B298C9C007ACBE2 /* WindowsAzureMessaging.framework */ = {isa = PBXFileReference; lastKnownFileType = wrapper.framework; name = WindowsAzureMessaging.framework; path = JabbrClient/External/WindowsAzureMessaging.framework; sourceTree = "<group>"; };
		14805B7C1B2A1DF5007ACBE2 /* CLANotification.h */ = {isa = PBXFileReference; fileEncoding = 4; lastKnownFileType = sourcecode.c.h; path = CLANotification.h; sourceTree = "<group>"; };
		14805B7D1B2A1DF5007ACBE2 /* CLANotification.m */ = {isa = PBXFileReference; fileEncoding = 4; lastKnownFileType = sourcecode.c.objc; path = CLANotification.m; sourceTree = "<group>"; };
		14938DE81AD4645E00BCC852 /* DocumentThread+Category.h */ = {isa = PBXFileReference; fileEncoding = 4; lastKnownFileType = sourcecode.c.h; name = "DocumentThread+Category.h"; path = "JabbrClient/DataModel/DocumentThread+Category.h"; sourceTree = SOURCE_ROOT; };
		14938DE91AD4645E00BCC852 /* DocumentThread+Category.m */ = {isa = PBXFileReference; fileEncoding = 4; lastKnownFileType = sourcecode.c.objc; name = "DocumentThread+Category.m"; path = "JabbrClient/DataModel/DocumentThread+Category.m"; sourceTree = SOURCE_ROOT; };
		149718541ADABFE400785D11 /* CLAPadBaseViewController.h */ = {isa = PBXFileReference; fileEncoding = 4; lastKnownFileType = sourcecode.c.h; path = CLAPadBaseViewController.h; sourceTree = "<group>"; };
		149718551ADABFE400785D11 /* CLAPadBaseViewController.m */ = {isa = PBXFileReference; fileEncoding = 4; lastKnownFileType = sourcecode.c.objc; path = CLAPadBaseViewController.m; sourceTree = "<group>"; };
		149F99361AC4D0A200525EA7 /* LeftMenuViewController.h */ = {isa = PBXFileReference; fileEncoding = 4; lastKnownFileType = sourcecode.c.h; path = LeftMenuViewController.h; sourceTree = "<group>"; };
		149F99371AC4D0A200525EA7 /* LeftMenuViewController.m */ = {isa = PBXFileReference; fileEncoding = 4; lastKnownFileType = sourcecode.c.objc; path = LeftMenuViewController.m; sourceTree = "<group>"; };
		14A836011AD177E4001F33E4 /* SlidingViewController.h */ = {isa = PBXFileReference; fileEncoding = 4; lastKnownFileType = sourcecode.c.h; path = SlidingViewController.h; sourceTree = "<group>"; };
		14A836021AD177E4001F33E4 /* SlidingViewController.m */ = {isa = PBXFileReference; fileEncoding = 4; lastKnownFileType = sourcecode.c.objc; path = SlidingViewController.m; sourceTree = "<group>"; };
		14B5156E1ABF138A0000CC4F /* Collara.app */ = {isa = PBXFileReference; explicitFileType = wrapper.application; includeInIndex = 0; path = Collara.app; sourceTree = BUILT_PRODUCTS_DIR; };
		14B515721ABF138A0000CC4F /* Info.plist */ = {isa = PBXFileReference; lastKnownFileType = text.plist.xml; path = Info.plist; sourceTree = "<group>"; };
		14B515731ABF138A0000CC4F /* main.m */ = {isa = PBXFileReference; lastKnownFileType = sourcecode.c.objc; path = main.m; sourceTree = "<group>"; };
		14B5157F1ABF138A0000CC4F /* Base */ = {isa = PBXFileReference; lastKnownFileType = file.storyboard; name = Base; path = Base.lproj/Main.storyboard; sourceTree = "<group>"; };
		14B515811ABF138A0000CC4F /* Images.xcassets */ = {isa = PBXFileReference; lastKnownFileType = folder.assetcatalog; path = Images.xcassets; sourceTree = "<group>"; };
		14B515841ABF138A0000CC4F /* Base */ = {isa = PBXFileReference; lastKnownFileType = file.xib; name = Base; path = Base.lproj/LaunchScreen.xib; sourceTree = "<group>"; };
		14B5158A1ABF138A0000CC4F /* CollaraTests.xctest */ = {isa = PBXFileReference; explicitFileType = wrapper.cfbundle; includeInIndex = 0; path = CollaraTests.xctest; sourceTree = BUILT_PRODUCTS_DIR; };
		14B5158F1ABF138A0000CC4F /* Info.plist */ = {isa = PBXFileReference; lastKnownFileType = text.plist.xml; path = Info.plist; sourceTree = "<group>"; };
		14B515901ABF138A0000CC4F /* JabbrClientTests.m */ = {isa = PBXFileReference; lastKnownFileType = sourcecode.c.objc; path = JabbrClientTests.m; sourceTree = "<group>"; };
		14B515A11ABF14C90000CC4F /* AppDelegate.h */ = {isa = PBXFileReference; fileEncoding = 4; lastKnownFileType = sourcecode.c.h; path = AppDelegate.h; sourceTree = "<group>"; };
		14B515A21ABF14C90000CC4F /* AppDelegate.m */ = {isa = PBXFileReference; fileEncoding = 4; lastKnownFileType = sourcecode.c.objc; path = AppDelegate.m; sourceTree = "<group>"; };
		14B515A31ABF14C90000CC4F /* ChatViewController.h */ = {isa = PBXFileReference; fileEncoding = 4; lastKnownFileType = sourcecode.c.h; path = ChatViewController.h; sourceTree = "<group>"; };
		14B515A41ABF14C90000CC4F /* ChatViewController.m */ = {isa = PBXFileReference; fileEncoding = 4; lastKnownFileType = sourcecode.c.objc; path = ChatViewController.m; sourceTree = "<group>"; };
		14B6FB4A1ACB352300E5B5A5 /* RightMenuViewController.h */ = {isa = PBXFileReference; fileEncoding = 4; lastKnownFileType = sourcecode.c.h; path = RightMenuViewController.h; sourceTree = "<group>"; };
		14B6FB4B1ACB352300E5B5A5 /* RightMenuViewController.m */ = {isa = PBXFileReference; fileEncoding = 4; lastKnownFileType = sourcecode.c.objc; path = RightMenuViewController.m; sourceTree = "<group>"; };
		14B6FB4D1ACB397700E5B5A5 /* ChatThread.h */ = {isa = PBXFileReference; fileEncoding = 4; lastKnownFileType = sourcecode.c.h; name = ChatThread.h; path = JabbrClient/DataModel/ChatThread.h; sourceTree = SOURCE_ROOT; };
		14B6FB4E1ACB397700E5B5A5 /* ChatThread.m */ = {isa = PBXFileReference; fileEncoding = 4; lastKnownFileType = sourcecode.c.objc; name = ChatThread.m; path = JabbrClient/DataModel/ChatThread.m; sourceTree = SOURCE_ROOT; };
		14B6FB501ACB399400E5B5A5 /* DocumentThread.h */ = {isa = PBXFileReference; fileEncoding = 4; lastKnownFileType = sourcecode.c.h; name = DocumentThread.h; path = JabbrClient/DataModel/DocumentThread.h; sourceTree = SOURCE_ROOT; };
		14B6FB511ACB399400E5B5A5 /* DocumentThread.m */ = {isa = PBXFileReference; fileEncoding = 4; lastKnownFileType = sourcecode.c.objc; name = DocumentThread.m; path = JabbrClient/DataModel/DocumentThread.m; sourceTree = SOURCE_ROOT; };
		14B6FB531ACB4CF500E5B5A5 /* DocumentViewController.h */ = {isa = PBXFileReference; fileEncoding = 4; lastKnownFileType = sourcecode.c.h; path = DocumentViewController.h; sourceTree = "<group>"; };
		14B6FB541ACB4CF500E5B5A5 /* DocumentViewController.m */ = {isa = PBXFileReference; fileEncoding = 4; lastKnownFileType = sourcecode.c.objc; path = DocumentViewController.m; sourceTree = "<group>"; };
		14B6FB561ACB5AC700E5B5A5 /* DemoData.h */ = {isa = PBXFileReference; fileEncoding = 4; lastKnownFileType = sourcecode.c.h; name = DemoData.h; path = JabbrClient/DataModel/DemoData.h; sourceTree = SOURCE_ROOT; };
		14B6FB571ACB5AC700E5B5A5 /* DemoData.m */ = {isa = PBXFileReference; fileEncoding = 4; lastKnownFileType = sourcecode.c.objc; name = DemoData.m; path = JabbrClient/DataModel/DemoData.m; sourceTree = SOURCE_ROOT; };
		14BA99091AD317BC00776556 /* ProfileViewController.h */ = {isa = PBXFileReference; fileEncoding = 4; lastKnownFileType = sourcecode.c.h; path = ProfileViewController.h; sourceTree = "<group>"; };
		14BA990A1AD317BC00776556 /* ProfileViewController.m */ = {isa = PBXFileReference; fileEncoding = 4; lastKnownFileType = sourcecode.c.objc; path = ProfileViewController.m; sourceTree = "<group>"; };
		14BA990C1AD33D1000776556 /* CLAMessage.h */ = {isa = PBXFileReference; fileEncoding = 4; lastKnownFileType = sourcecode.c.h; name = CLAMessage.h; path = JabbrClient/DataModel/CLAMessage.h; sourceTree = SOURCE_ROOT; };
		14BA990D1AD33D1000776556 /* CLAMessage.m */ = {isa = PBXFileReference; fileEncoding = 4; lastKnownFileType = sourcecode.c.objc; name = CLAMessage.m; path = JabbrClient/DataModel/CLAMessage.m; sourceTree = SOURCE_ROOT; };
		14BE49C41B039D5C005C04E9 /* CLAHomeTopicViewController.h */ = {isa = PBXFileReference; fileEncoding = 4; lastKnownFileType = sourcecode.c.h; path = CLAHomeTopicViewController.h; sourceTree = "<group>"; };
		14BE49C51B039D5C005C04E9 /* CLAHomeTopicViewController.m */ = {isa = PBXFileReference; fileEncoding = 4; lastKnownFileType = sourcecode.c.objc; path = CLAHomeTopicViewController.m; sourceTree = "<group>"; };
		14BEBC3D1AF2E67100F2470C /* CLATeamViewModel.h */ = {isa = PBXFileReference; fileEncoding = 4; lastKnownFileType = sourcecode.c.h; name = CLATeamViewModel.h; path = ViewModel/CLATeamViewModel.h; sourceTree = "<group>"; };
		14BEBC3E1AF2E67100F2470C /* CLATeamViewModel.m */ = {isa = PBXFileReference; fileEncoding = 4; lastKnownFileType = sourcecode.c.objc; name = CLATeamViewModel.m; path = ViewModel/CLATeamViewModel.m; sourceTree = "<group>"; };
		14D9051F1B1BB98400B6DF63 /* CLAHomeMasterViewController.h */ = {isa = PBXFileReference; fileEncoding = 4; lastKnownFileType = sourcecode.c.h; path = CLAHomeMasterViewController.h; sourceTree = "<group>"; };
		14D905201B1BB98400B6DF63 /* CLAHomeMasterViewController.m */ = {isa = PBXFileReference; fileEncoding = 4; lastKnownFileType = sourcecode.c.objc; path = CLAHomeMasterViewController.m; sourceTree = "<group>"; };
		14D905221B1BC36200B6DF63 /* CLAHomeMemberViewController.h */ = {isa = PBXFileReference; fileEncoding = 4; lastKnownFileType = sourcecode.c.h; path = CLAHomeMemberViewController.h; sourceTree = "<group>"; };
		14D905231B1BC36200B6DF63 /* CLAHomeMemberViewController.m */ = {isa = PBXFileReference; fileEncoding = 4; lastKnownFileType = sourcecode.c.objc; path = CLAHomeMemberViewController.m; sourceTree = "<group>"; };
		14F5B5C71B2CD710005FDCC3 /* CLAPushNotificationService.h */ = {isa = PBXFileReference; fileEncoding = 4; lastKnownFileType = sourcecode.c.h; name = CLAPushNotificationService.h; path = Lib/CLAPushNotificationService.h; sourceTree = "<group>"; };
		14F5B5CA1B2CD796005FDCC3 /* CLAAzureHubPushNotificationService.h */ = {isa = PBXFileReference; fileEncoding = 4; lastKnownFileType = sourcecode.c.h; name = CLAAzureHubPushNotificationService.h; path = Lib/CLAAzureHubPushNotificationService.h; sourceTree = "<group>"; };
		14F5B5CB1B2CD796005FDCC3 /* CLAAzureHubPushNotificationService.m */ = {isa = PBXFileReference; fileEncoding = 4; lastKnownFileType = sourcecode.c.objc; name = CLAAzureHubPushNotificationService.m; path = Lib/CLAAzureHubPushNotificationService.m; sourceTree = "<group>"; };
		14F8677D1B020D2A00CF751F /* CLARoundFrameButton.h */ = {isa = PBXFileReference; fileEncoding = 4; lastKnownFileType = sourcecode.c.h; name = CLARoundFrameButton.h; path = CustomControl/CLARoundFrameButton.h; sourceTree = "<group>"; };
		14F8677E1B020D2A00CF751F /* CLARoundFrameButton.m */ = {isa = PBXFileReference; fileEncoding = 4; lastKnownFileType = sourcecode.c.objc; name = CLARoundFrameButton.m; path = CustomControl/CLARoundFrameButton.m; sourceTree = "<group>"; };
		388092327DB112E57ACB1DF5 /* Pods-Collara.release.xcconfig */ = {isa = PBXFileReference; includeInIndex = 1; lastKnownFileType = text.xcconfig; name = "Pods-Collara.release.xcconfig"; path = "Pods/Target Support Files/Pods-Collara/Pods-Collara.release.xcconfig"; sourceTree = "<group>"; };
		3ED0782C5C44919FA936A1B4 /* Pods-JabbrClient.release.xcconfig */ = {isa = PBXFileReference; includeInIndex = 1; lastKnownFileType = text.xcconfig; name = "Pods-JabbrClient.release.xcconfig"; path = "Pods/Target Support Files/Pods-JabbrClient/Pods-JabbrClient.release.xcconfig"; sourceTree = "<group>"; };
		3FF416E318022D2101E2CBE9 /* Pods-JabbrClient.debug.xcconfig */ = {isa = PBXFileReference; includeInIndex = 1; lastKnownFileType = text.xcconfig; name = "Pods-JabbrClient.debug.xcconfig"; path = "Pods/Target Support Files/Pods-JabbrClient/Pods-JabbrClient.debug.xcconfig"; sourceTree = "<group>"; };
		89602FA4A33435EA32E1D254 /* Pods-CollaraApp.debug.xcconfig */ = {isa = PBXFileReference; includeInIndex = 1; lastKnownFileType = text.xcconfig; name = "Pods-CollaraApp.debug.xcconfig"; path = "Pods/Target Support Files/Pods-CollaraApp/Pods-CollaraApp.debug.xcconfig"; sourceTree = "<group>"; };
		B411F46C7557CDA2DFE00735 /* libPods-CollaraApp.a */ = {isa = PBXFileReference; explicitFileType = archive.ar; includeInIndex = 0; path = "libPods-CollaraApp.a"; sourceTree = BUILT_PRODUCTS_DIR; };
		C88ADD9EB62F1CEB51E0F387 /* Pods-CollaraApp.release.xcconfig */ = {isa = PBXFileReference; includeInIndex = 1; lastKnownFileType = text.xcconfig; name = "Pods-CollaraApp.release.xcconfig"; path = "Pods/Target Support Files/Pods-CollaraApp/Pods-CollaraApp.release.xcconfig"; sourceTree = "<group>"; };
		DFE68A76A0440538A1CFB906 /* libPods-Collara.a */ = {isa = PBXFileReference; explicitFileType = archive.ar; includeInIndex = 0; path = "libPods-Collara.a"; sourceTree = BUILT_PRODUCTS_DIR; };
		F9A307DB9FAE998089EC8968 /* Pods-Collara.debug.xcconfig */ = {isa = PBXFileReference; includeInIndex = 1; lastKnownFileType = text.xcconfig; name = "Pods-Collara.debug.xcconfig"; path = "Pods/Target Support Files/Pods-Collara/Pods-Collara.debug.xcconfig"; sourceTree = "<group>"; };
/* End PBXFileReference section */

/* Begin PBXFrameworksBuildPhase section */
		14B5156B1ABF138A0000CC4F /* Frameworks */ = {
			isa = PBXFrameworksBuildPhase;
			buildActionMask = 2147483647;
			files = (
				EE809097EABCDD6117E3CED2 /* libPods-Collara.a in Frameworks */,
				14805B781B298C9C007ACBE2 /* WindowsAzureMessaging.framework in Frameworks */,
			);
			runOnlyForDeploymentPostprocessing = 0;
		};
		14B515871ABF138A0000CC4F /* Frameworks */ = {
			isa = PBXFrameworksBuildPhase;
			buildActionMask = 2147483647;
			files = (
			);
			runOnlyForDeploymentPostprocessing = 0;
		};
/* End PBXFrameworksBuildPhase section */

/* Begin PBXGroup section */
		1419E8E31B1E26CB0057CAC5 /* Repository */ = {
			isa = PBXGroup;
			children = (
				1419E8E41B1E26ED0057CAC5 /* CLADataRepositoryProtocol.h */,
				1419E8E71B1E271C0057CAC5 /* CLAInMemoryDataRepository.h */,
				1419E8E81B1E271C0057CAC5 /* CLAInMemoryDataRepository.m */,
			);
			name = Repository;
			sourceTree = "<group>";
		};
		142046401AD1EC58006143D5 /* Lib */ = {
			isa = PBXGroup;
			children = (
				142046411AD1EC91006143D5 /* AuthManager.h */,
				142046421AD1EC91006143D5 /* AuthManager.m */,
				142046471AD203FD006143D5 /* Constants.h */,
				142046481AD203FD006143D5 /* Constants.m */,
				1404B5311AF10ED400363178 /* CLAMessageClient.h */,
				1404B5341AF118BB00363178 /* CLASignalRMessageClient.h */,
				1404B5351AF118BB00363178 /* CLASignalRMessageClient.m */,
				1463CB081AF95D0A00BC2513 /* CLAToastManager.h */,
				1463CB091AF95D0A00BC2513 /* CLAToastManager.m */,
				146C9BA81AFC172C00885F96 /* CLAApiClient.h */,
				146C9BAE1AFC199500885F96 /* CLAWebApiClient.h */,
				146C9BAF1AFC199500885F96 /* CLAWebApiClient.m */,
				142FFA691AFD4B3C0076DB6E /* CLAUtility.h */,
				142FFA6A1AFD4B3C0076DB6E /* CLAUtility.m */,
				14F5B5C71B2CD710005FDCC3 /* CLAPushNotificationService.h */,
				14F5B5CA1B2CD796005FDCC3 /* CLAAzureHubPushNotificationService.h */,
				14F5B5CB1B2CD796005FDCC3 /* CLAAzureHubPushNotificationService.m */,
			);
			name = Lib;
			sourceTree = "<group>";
		};
		14679E931AC8832900316C9C /* DataModel */ = {
			isa = PBXGroup;
			children = (
				14679E941AC8838900316C9C /* ObjectThread.h */,
				14679E951AC8838900316C9C /* ObjectThread.m */,
				14B6FB4D1ACB397700E5B5A5 /* ChatThread.h */,
				14B6FB4E1ACB397700E5B5A5 /* ChatThread.m */,
				14B6FB501ACB399400E5B5A5 /* DocumentThread.h */,
				14B6FB511ACB399400E5B5A5 /* DocumentThread.m */,
				14B6FB561ACB5AC700E5B5A5 /* DemoData.h */,
				14B6FB571ACB5AC700E5B5A5 /* DemoData.m */,
				14BA990C1AD33D1000776556 /* CLAMessage.h */,
				14BA990D1AD33D1000776556 /* CLAMessage.m */,
				1479A80E1ACC372800A31A7E /* ChatThread+Category.h */,
				1479A80F1ACC372800A31A7E /* ChatThread+Category.m */,
				14938DE81AD4645E00BCC852 /* DocumentThread+Category.h */,
				14938DE91AD4645E00BCC852 /* DocumentThread+Category.m */,
				144D9EE71AF03528005EBAD2 /* CLATeam.h */,
				144D9EE81AF03528005EBAD2 /* CLATeam.m */,
				144D9EEA1AF035D6005EBAD2 /* CLARoom.h */,
				144D9EEB1AF035D6005EBAD2 /* CLARoom.m */,
				144D9EED1AF03668005EBAD2 /* CLAUser.h */,
				144D9EEE1AF03668005EBAD2 /* CLAUser.m */,
				146C9BAB1AFC18AE00885F96 /* CLAUserRegistrationViewModel.h */,
				146C9BAC1AFC18AE00885F96 /* CLAUserRegistrationViewModel.m */,
				14805B7C1B2A1DF5007ACBE2 /* CLANotification.h */,
				14805B7D1B2A1DF5007ACBE2 /* CLANotification.m */,
			);
			name = DataModel;
			path = Controllers;
			sourceTree = "<group>";
		};
		14805B741B29864C007ACBE2 /* External */ = {
			isa = PBXGroup;
			children = (
				14805B771B298C9C007ACBE2 /* WindowsAzureMessaging.framework */,
			);
			name = External;
			sourceTree = "<group>";
		};
		149F99311AC4D07000525EA7 /* Menus */ = {
			isa = PBXGroup;
			children = (
				14A836011AD177E4001F33E4 /* SlidingViewController.h */,
				14A836021AD177E4001F33E4 /* SlidingViewController.m */,
				149F99361AC4D0A200525EA7 /* LeftMenuViewController.h */,
				149F99371AC4D0A200525EA7 /* LeftMenuViewController.m */,
				14B6FB4A1ACB352300E5B5A5 /* RightMenuViewController.h */,
				14B6FB4B1ACB352300E5B5A5 /* RightMenuViewController.m */,
			);
			name = Menus;
			path = Controllers;
			sourceTree = "<group>";
		};
		149F994A1AC4D0FD00525EA7 /* StoryBoards */ = {
			isa = PBXGroup;
			children = (
				14B5157E1ABF138A0000CC4F /* Main.storyboard */,
			);
			name = StoryBoards;
			path = Controllers;
			sourceTree = "<group>";
		};
		14B515651ABF138A0000CC4F = {
			isa = PBXGroup;
			children = (
				1421508A1B035E1500D18214 /* Localizable.strings */,
				14B515701ABF138A0000CC4F /* JabbrClient */,
				14B5158D1ABF138A0000CC4F /* JabbrClientTests */,
				14B5156F1ABF138A0000CC4F /* Products */,
				14805B741B29864C007ACBE2 /* External */,
				5B31BC541338B01E45F1B8EB /* Pods */,
				8D4FED4A1F6F60D024E6B1EB /* Frameworks */,
			);
			sourceTree = "<group>";
		};
		14B5156F1ABF138A0000CC4F /* Products */ = {
			isa = PBXGroup;
			children = (
				14B5156E1ABF138A0000CC4F /* Collara.app */,
				14B5158A1ABF138A0000CC4F /* CollaraTests.xctest */,
			);
			name = Products;
			sourceTree = "<group>";
		};
		14B515701ABF138A0000CC4F /* JabbrClient */ = {
			isa = PBXGroup;
			children = (
				142046401AD1EC58006143D5 /* Lib */,
				14679E931AC8832900316C9C /* DataModel */,
				14BEBC3C1AF2E63600F2470C /* ViewModel */,
				1419E8E31B1E26CB0057CAC5 /* Repository */,
				14F8677C1B020C5D00CF751F /* CustomControl */,
				149F994A1AC4D0FD00525EA7 /* StoryBoards */,
				149F99311AC4D07000525EA7 /* Menus */,
				14B515A01ABF14C90000CC4F /* Controllers */,
				14B515811ABF138A0000CC4F /* Images.xcassets */,
				14B515831ABF138A0000CC4F /* LaunchScreen.xib */,
				14B515711ABF138A0000CC4F /* Supporting Files */,
			);
			path = JabbrClient;
			sourceTree = "<group>";
		};
		14B515711ABF138A0000CC4F /* Supporting Files */ = {
			isa = PBXGroup;
			children = (
				14B515721ABF138A0000CC4F /* Info.plist */,
				14B515731ABF138A0000CC4F /* main.m */,
			);
			name = "Supporting Files";
			sourceTree = "<group>";
		};
		14B5158D1ABF138A0000CC4F /* JabbrClientTests */ = {
			isa = PBXGroup;
			children = (
				14B515901ABF138A0000CC4F /* JabbrClientTests.m */,
				14B5158E1ABF138A0000CC4F /* Supporting Files */,
			);
			path = JabbrClientTests;
			sourceTree = "<group>";
		};
		14B5158E1ABF138A0000CC4F /* Supporting Files */ = {
			isa = PBXGroup;
			children = (
				14B5158F1ABF138A0000CC4F /* Info.plist */,
			);
			name = "Supporting Files";
			sourceTree = "<group>";
		};
		14B515A01ABF14C90000CC4F /* Controllers */ = {
			isa = PBXGroup;
			children = (
				14B515A11ABF14C90000CC4F /* AppDelegate.h */,
				14B515A21ABF14C90000CC4F /* AppDelegate.m */,
				14B515A31ABF14C90000CC4F /* ChatViewController.h */,
				14B515A41ABF14C90000CC4F /* ChatViewController.m */,
				14B6FB531ACB4CF500E5B5A5 /* DocumentViewController.h */,
				14B6FB541ACB4CF500E5B5A5 /* DocumentViewController.m */,
				142046441AD1F866006143D5 /* SignInViewController.h */,
				142046451AD1F866006143D5 /* SignInViewController.m */,
				14BA99091AD317BC00776556 /* ProfileViewController.h */,
				14BA990A1AD317BC00776556 /* ProfileViewController.m */,
				149718541ADABFE400785D11 /* CLAPadBaseViewController.h */,
				149718551ADABFE400785D11 /* CLAPadBaseViewController.m */,
				146D83D71AF17B1E00855C59 /* CLASignUpViewController.h */,
				146D83D81AF17B1E00855C59 /* CLASignUpViewController.m */,
				146D83E11AF19F3300855C59 /* CLAKeyboardAwareViewController.h */,
				146D83E21AF19F3300855C59 /* CLAKeyboardAwareViewController.m */,
				1407AA001AF50E4D00E42F2C /* CLAChatInfoViewController.h */,
				1407AA011AF50E4D00E42F2C /* CLAChatInfoViewController.m */,
				1463CB041AF955AD00BC2513 /* CLACreateTeamViewController.h */,
				1463CB051AF955AD00BC2513 /* CLACreateTeamViewController.m */,
				1463CB0B1AF9691300BC2513 /* CLACreateRoomViewController.h */,
				1463CB0C1AF9691300BC2513 /* CLACreateRoomViewController.m */,
				14D9051F1B1BB98400B6DF63 /* CLAHomeMasterViewController.h */,
				14D905201B1BB98400B6DF63 /* CLAHomeMasterViewController.m */,
				14BE49C41B039D5C005C04E9 /* CLAHomeTopicViewController.h */,
				14BE49C51B039D5C005C04E9 /* CLAHomeTopicViewController.m */,
				14D905221B1BC36200B6DF63 /* CLAHomeMemberViewController.h */,
				14D905231B1BC36200B6DF63 /* CLAHomeMemberViewController.m */,
			);
			path = Controllers;
			sourceTree = "<group>";
		};
		14BEBC3C1AF2E63600F2470C /* ViewModel */ = {
			isa = PBXGroup;
			children = (
				14BEBC3D1AF2E67100F2470C /* CLATeamViewModel.h */,
				14BEBC3E1AF2E67100F2470C /* CLATeamViewModel.m */,
				1430E00A1AF6DFF300F2D974 /* CLARoomViewModel.h */,
				1430E00B1AF6DFF300F2D974 /* CLARoomViewModel.m */,
			);
			name = ViewModel;
			sourceTree = "<group>";
		};
		14F8677C1B020C5D00CF751F /* CustomControl */ = {
			isa = PBXGroup;
			children = (
				14F8677D1B020D2A00CF751F /* CLARoundFrameButton.h */,
				14F8677E1B020D2A00CF751F /* CLARoundFrameButton.m */,
			);
			name = CustomControl;
			sourceTree = "<group>";
		};
		5B31BC541338B01E45F1B8EB /* Pods */ = {
			isa = PBXGroup;
			children = (
				3FF416E318022D2101E2CBE9 /* Pods-JabbrClient.debug.xcconfig */,
				3ED0782C5C44919FA936A1B4 /* Pods-JabbrClient.release.xcconfig */,
				89602FA4A33435EA32E1D254 /* Pods-CollaraApp.debug.xcconfig */,
				C88ADD9EB62F1CEB51E0F387 /* Pods-CollaraApp.release.xcconfig */,
				F9A307DB9FAE998089EC8968 /* Pods-Collara.debug.xcconfig */,
				388092327DB112E57ACB1DF5 /* Pods-Collara.release.xcconfig */,
			);
			name = Pods;
			sourceTree = "<group>";
		};
		8D4FED4A1F6F60D024E6B1EB /* Frameworks */ = {
			isa = PBXGroup;
			children = (
				1090D86306F7E103B79E7158 /* libPods-JabbrClient.a */,
				B411F46C7557CDA2DFE00735 /* libPods-CollaraApp.a */,
				DFE68A76A0440538A1CFB906 /* libPods-Collara.a */,
			);
			name = Frameworks;
			sourceTree = "<group>";
		};
/* End PBXGroup section */

/* Begin PBXNativeTarget section */
		14B5156D1ABF138A0000CC4F /* Collara */ = {
			isa = PBXNativeTarget;
			buildConfigurationList = 14B515941ABF138A0000CC4F /* Build configuration list for PBXNativeTarget "Collara" */;
			buildPhases = (
				CD6FC53FC7C9FA404B7EA421 /* Check Pods Manifest.lock */,
				14B5156A1ABF138A0000CC4F /* Sources */,
				14B5156B1ABF138A0000CC4F /* Frameworks */,
				14B5156C1ABF138A0000CC4F /* Resources */,
				A3B140121ACC4F90D6E73EAF /* Copy Pods Resources */,
				14F4B0E61AD4930200AE5C9A /* ShellScript */,
				14BE49C31B039368005C04E9 /* ShellScript */,
			);
			buildRules = (
			);
			dependencies = (
			);
			name = Collara;
			productName = JabbrClient;
			productReference = 14B5156E1ABF138A0000CC4F /* Collara.app */;
			productType = "com.apple.product-type.application";
		};
		14B515891ABF138A0000CC4F /* CollaraTests */ = {
			isa = PBXNativeTarget;
			buildConfigurationList = 14B515971ABF138A0000CC4F /* Build configuration list for PBXNativeTarget "CollaraTests" */;
			buildPhases = (
				14B515861ABF138A0000CC4F /* Sources */,
				14B515871ABF138A0000CC4F /* Frameworks */,
				14B515881ABF138A0000CC4F /* Resources */,
			);
			buildRules = (
			);
			dependencies = (
				14B5158C1ABF138A0000CC4F /* PBXTargetDependency */,
			);
			name = CollaraTests;
			productName = JabbrClientTests;
			productReference = 14B5158A1ABF138A0000CC4F /* CollaraTests.xctest */;
			productType = "com.apple.product-type.bundle.unit-test";
		};
/* End PBXNativeTarget section */

/* Begin PBXProject section */
		14B515661ABF138A0000CC4F /* Project object */ = {
			isa = PBXProject;
			attributes = {
				CLASSPREFIX = CLA;
				LastUpgradeCheck = 0620;
				ORGANIZATIONNAME = Collara;
				TargetAttributes = {
					14B5156D1ABF138A0000CC4F = {
						CreatedOnToolsVersion = 6.2;
						DevelopmentTeam = YJK9294VWR;
						SystemCapabilities = {
							com.apple.BackgroundModes = {
								enabled = 1;
							};
						};
					};
					14B515891ABF138A0000CC4F = {
						CreatedOnToolsVersion = 6.2;
						TestTargetID = 14B5156D1ABF138A0000CC4F;
					};
				};
			};
			buildConfigurationList = 14B515691ABF138A0000CC4F /* Build configuration list for PBXProject "Collara" */;
			compatibilityVersion = "Xcode 3.2";
			developmentRegion = English;
			hasScannedForEncodings = 0;
			knownRegions = (
				en,
				Base,
			);
			mainGroup = 14B515651ABF138A0000CC4F;
			productRefGroup = 14B5156F1ABF138A0000CC4F /* Products */;
			projectDirPath = "";
			projectRoot = "";
			targets = (
				14B5156D1ABF138A0000CC4F /* Collara */,
				14B515891ABF138A0000CC4F /* CollaraTests */,
			);
		};
/* End PBXProject section */

/* Begin PBXResourcesBuildPhase section */
		14B5156C1ABF138A0000CC4F /* Resources */ = {
			isa = PBXResourcesBuildPhase;
			buildActionMask = 2147483647;
			files = (
				14B515801ABF138A0000CC4F /* Main.storyboard in Resources */,
				142150881B035E1500D18214 /* Localizable.strings in Resources */,
				14B515851ABF138A0000CC4F /* LaunchScreen.xib in Resources */,
				14B515821ABF138A0000CC4F /* Images.xcassets in Resources */,
			);
			runOnlyForDeploymentPostprocessing = 0;
		};
		14B515881ABF138A0000CC4F /* Resources */ = {
			isa = PBXResourcesBuildPhase;
			buildActionMask = 2147483647;
			files = (
			);
			runOnlyForDeploymentPostprocessing = 0;
		};
/* End PBXResourcesBuildPhase section */

/* Begin PBXShellScriptBuildPhase section */
		14BE49C31B039368005C04E9 /* ShellScript */ = {
			isa = PBXShellScriptBuildPhase;
			buildActionMask = 2147483647;
			files = (
			);
			inputPaths = (
			);
			outputPaths = (
			);
			runOnlyForDeploymentPostprocessing = 0;
			shellPath = /bin/sh;
			shellScript = "./MergeStoryboardString.py JabbrClient";
		};
		14F4B0E61AD4930200AE5C9A /* ShellScript */ = {
			isa = PBXShellScriptBuildPhase;
			buildActionMask = 2147483647;
			files = (
			);
			inputPaths = (
			);
			outputPaths = (
			);
			runOnlyForDeploymentPostprocessing = 0;
			shellPath = /bin/sh;
			shellScript = "#!/bin/bash\nbuildNumber=$(/usr/libexec/PlistBuddy -c \"Print CFBundleVersion\" \"${PROJECT_DIR}/${INFOPLIST_FILE}\")\nbuildNumber=$(($buildNumber + 1))\n/usr/libexec/PlistBuddy -c \"Set :CFBundleVersion $buildNumber\" \"${PROJECT_DIR}/${INFOPLIST_FILE}\"";
		};
		A3B140121ACC4F90D6E73EAF /* Copy Pods Resources */ = {
			isa = PBXShellScriptBuildPhase;
			buildActionMask = 2147483647;
			files = (
			);
			inputPaths = (
			);
			name = "Copy Pods Resources";
			outputPaths = (
			);
			runOnlyForDeploymentPostprocessing = 0;
			shellPath = /bin/sh;
			shellScript = "\"${SRCROOT}/Pods/Target Support Files/Pods-Collara/Pods-Collara-resources.sh\"\n";
			showEnvVarsInLog = 0;
		};
		CD6FC53FC7C9FA404B7EA421 /* Check Pods Manifest.lock */ = {
			isa = PBXShellScriptBuildPhase;
			buildActionMask = 2147483647;
			files = (
			);
			inputPaths = (
			);
			name = "Check Pods Manifest.lock";
			outputPaths = (
			);
			runOnlyForDeploymentPostprocessing = 0;
			shellPath = /bin/sh;
			shellScript = "diff \"${PODS_ROOT}/../Podfile.lock\" \"${PODS_ROOT}/Manifest.lock\" > /dev/null\nif [[ $? != 0 ]] ; then\n    cat << EOM\nerror: The sandbox is not in sync with the Podfile.lock. Run 'pod install' or update your CocoaPods installation.\nEOM\n    exit 1\nfi\n";
			showEnvVarsInLog = 0;
		};
/* End PBXShellScriptBuildPhase section */

/* Begin PBXSourcesBuildPhase section */
		14B5156A1ABF138A0000CC4F /* Sources */ = {
			isa = PBXSourcesBuildPhase;
			buildActionMask = 2147483647;
			files = (
				142046461AD1F866006143D5 /* SignInViewController.m in Sources */,
				1463CB0A1AF95D0A00BC2513 /* CLAToastManager.m in Sources */,
				14805B7E1B2A1DF5007ACBE2 /* CLANotification.m in Sources */,
				14F5B5CC1B2CD796005FDCC3 /* CLAAzureHubPushNotificationService.m in Sources */,
				144D9EEF1AF03668005EBAD2 /* CLAUser.m in Sources */,
				14B515AF1ABF14C90000CC4F /* AppDelegate.m in Sources */,
				14938DEA1AD4645E00BCC852 /* DocumentThread+Category.m in Sources */,
				1419E8E91B1E271C0057CAC5 /* CLAInMemoryDataRepository.m in Sources */,
				14BA990B1AD317BC00776556 /* ProfileViewController.m in Sources */,
				1407AA021AF50E4D00E42F2C /* CLAChatInfoViewController.m in Sources */,
				14B6FB521ACB399400E5B5A5 /* DocumentThread.m in Sources */,
				144D9EEC1AF035D6005EBAD2 /* CLARoom.m in Sources */,
				1463CB0D1AF9691300BC2513 /* CLACreateRoomViewController.m in Sources */,
				14B6FB581ACB5AC700E5B5A5 /* DemoData.m in Sources */,
				142046431AD1EC91006143D5 /* AuthManager.m in Sources */,
				1479A8101ACC372800A31A7E /* ChatThread+Category.m in Sources */,
				14BEBC3F1AF2E67100F2470C /* CLATeamViewModel.m in Sources */,
				14A836031AD177E4001F33E4 /* SlidingViewController.m in Sources */,
				14D905241B1BC36200B6DF63 /* CLAHomeMemberViewController.m in Sources */,
				149F99441AC4D0A200525EA7 /* LeftMenuViewController.m in Sources */,
				14BA990E1AD33D1000776556 /* CLAMessage.m in Sources */,
				14BE49C61B039D5C005C04E9 /* CLAHomeTopicViewController.m in Sources */,
				14B6FB4F1ACB397700E5B5A5 /* ChatThread.m in Sources */,
				142FFA6B1AFD4B3C0076DB6E /* CLAUtility.m in Sources */,
				1463CB061AF955AD00BC2513 /* CLACreateTeamViewController.m in Sources */,
				14D905211B1BB98400B6DF63 /* CLAHomeMasterViewController.m in Sources */,
				14B515741ABF138A0000CC4F /* main.m in Sources */,
				142046491AD203FD006143D5 /* Constants.m in Sources */,
				144D9EE91AF03528005EBAD2 /* CLATeam.m in Sources */,
				146D83D91AF17B1E00855C59 /* CLASignUpViewController.m in Sources */,
				14B515B01ABF14C90000CC4F /* ChatViewController.m in Sources */,
				14679E961AC8838900316C9C /* ObjectThread.m in Sources */,
				1430E00C1AF6DFF300F2D974 /* CLARoomViewModel.m in Sources */,
				1404B5361AF118BB00363178 /* CLASignalRMessageClient.m in Sources */,
				14B6FB551ACB4CF500E5B5A5 /* DocumentViewController.m in Sources */,
				146C9BB01AFC199500885F96 /* CLAWebApiClient.m in Sources */,
				146D83E31AF19F3300855C59 /* CLAKeyboardAwareViewController.m in Sources */,
				149718561ADABFE400785D11 /* CLAPadBaseViewController.m in Sources */,
				14B6FB4C1ACB352300E5B5A5 /* RightMenuViewController.m in Sources */,
				146C9BAD1AFC18AE00885F96 /* CLAUserRegistrationViewModel.m in Sources */,
				14F8677F1B020D2A00CF751F /* CLARoundFrameButton.m in Sources */,
			);
			runOnlyForDeploymentPostprocessing = 0;
		};
		14B515861ABF138A0000CC4F /* Sources */ = {
			isa = PBXSourcesBuildPhase;
			buildActionMask = 2147483647;
			files = (
				14B515911ABF138A0000CC4F /* JabbrClientTests.m in Sources */,
			);
			runOnlyForDeploymentPostprocessing = 0;
		};
/* End PBXSourcesBuildPhase section */

/* Begin PBXTargetDependency section */
		14B5158C1ABF138A0000CC4F /* PBXTargetDependency */ = {
			isa = PBXTargetDependency;
			target = 14B5156D1ABF138A0000CC4F /* Collara */;
			targetProxy = 14B5158B1ABF138A0000CC4F /* PBXContainerItemProxy */;
		};
/* End PBXTargetDependency section */

/* Begin PBXVariantGroup section */
		1421508A1B035E1500D18214 /* Localizable.strings */ = {
			isa = PBXVariantGroup;
			children = (
				142150891B035E1500D18214 /* zh-Hans */,
				1421508C1B035F9900D18214 /* en */,
			);
			name = Localizable.strings;
			path = JabbrClient;
			sourceTree = "<group>";
		};
		14B5157E1ABF138A0000CC4F /* Main.storyboard */ = {
			isa = PBXVariantGroup;
			children = (
				14B5157F1ABF138A0000CC4F /* Base */,
				142150861B035DD200D18214 /* zh-Hans */,
				1421508E1B036A2700D18214 /* en */,
			);
			name = Main.storyboard;
			path = ..;
			sourceTree = "<group>";
		};
		14B515831ABF138A0000CC4F /* LaunchScreen.xib */ = {
			isa = PBXVariantGroup;
			children = (
				14B515841ABF138A0000CC4F /* Base */,
				142150871B035DD200D18214 /* zh-Hans */,
			);
			name = LaunchScreen.xib;
			sourceTree = "<group>";
		};
/* End PBXVariantGroup section */

/* Begin XCBuildConfiguration section */
		14B515921ABF138A0000CC4F /* Debug */ = {
			isa = XCBuildConfiguration;
			buildSettings = {
				ALWAYS_SEARCH_USER_PATHS = NO;
				CLANG_CXX_LANGUAGE_STANDARD = "gnu++0x";
				CLANG_CXX_LIBRARY = "libc++";
				CLANG_ENABLE_MODULES = YES;
				CLANG_ENABLE_OBJC_ARC = YES;
				CLANG_WARN_BOOL_CONVERSION = YES;
				CLANG_WARN_CONSTANT_CONVERSION = YES;
				CLANG_WARN_DIRECT_OBJC_ISA_USAGE = YES_ERROR;
				CLANG_WARN_EMPTY_BODY = YES;
				CLANG_WARN_ENUM_CONVERSION = YES;
				CLANG_WARN_INT_CONVERSION = YES;
				CLANG_WARN_OBJC_ROOT_CLASS = YES_ERROR;
				CLANG_WARN_UNREACHABLE_CODE = YES;
				CLANG_WARN__DUPLICATE_METHOD_MATCH = YES;
				"CODE_SIGN_IDENTITY[sdk=iphoneos*]" = "iPhone Developer";
				COPY_PHASE_STRIP = NO;
				DEFINES_MODULE = YES;
				ENABLE_STRICT_OBJC_MSGSEND = YES;
				GCC_C_LANGUAGE_STANDARD = gnu99;
				GCC_DYNAMIC_NO_PIC = NO;
				GCC_OPTIMIZATION_LEVEL = 0;
				GCC_PREPROCESSOR_DEFINITIONS = (
					"DEBUG=1",
					"$(inherited)",
				);
				GCC_SYMBOLS_PRIVATE_EXTERN = NO;
				GCC_WARN_64_TO_32_BIT_CONVERSION = YES;
				GCC_WARN_ABOUT_RETURN_TYPE = YES_ERROR;
				GCC_WARN_UNDECLARED_SELECTOR = YES;
				GCC_WARN_UNINITIALIZED_AUTOS = YES_AGGRESSIVE;
				GCC_WARN_UNUSED_FUNCTION = YES;
				GCC_WARN_UNUSED_VARIABLE = YES;
				IPHONEOS_DEPLOYMENT_TARGET = 8.2;
				MTL_ENABLE_DEBUG_INFO = YES;
				ONLY_ACTIVE_ARCH = YES;
				SDKROOT = iphoneos;
				TARGETED_DEVICE_FAMILY = "1,2";
			};
			name = Debug;
		};
		14B515931ABF138A0000CC4F /* Release */ = {
			isa = XCBuildConfiguration;
			buildSettings = {
				ALWAYS_SEARCH_USER_PATHS = NO;
				CLANG_CXX_LANGUAGE_STANDARD = "gnu++0x";
				CLANG_CXX_LIBRARY = "libc++";
				CLANG_ENABLE_MODULES = YES;
				CLANG_ENABLE_OBJC_ARC = YES;
				CLANG_WARN_BOOL_CONVERSION = YES;
				CLANG_WARN_CONSTANT_CONVERSION = YES;
				CLANG_WARN_DIRECT_OBJC_ISA_USAGE = YES_ERROR;
				CLANG_WARN_EMPTY_BODY = YES;
				CLANG_WARN_ENUM_CONVERSION = YES;
				CLANG_WARN_INT_CONVERSION = YES;
				CLANG_WARN_OBJC_ROOT_CLASS = YES_ERROR;
				CLANG_WARN_UNREACHABLE_CODE = YES;
				CLANG_WARN__DUPLICATE_METHOD_MATCH = YES;
				"CODE_SIGN_IDENTITY[sdk=iphoneos*]" = "iPhone Developer";
				COPY_PHASE_STRIP = NO;
				DEFINES_MODULE = YES;
				ENABLE_NS_ASSERTIONS = NO;
				ENABLE_STRICT_OBJC_MSGSEND = YES;
				GCC_C_LANGUAGE_STANDARD = gnu99;
				GCC_WARN_64_TO_32_BIT_CONVERSION = YES;
				GCC_WARN_ABOUT_RETURN_TYPE = YES_ERROR;
				GCC_WARN_UNDECLARED_SELECTOR = YES;
				GCC_WARN_UNINITIALIZED_AUTOS = YES_AGGRESSIVE;
				GCC_WARN_UNUSED_FUNCTION = YES;
				GCC_WARN_UNUSED_VARIABLE = YES;
				IPHONEOS_DEPLOYMENT_TARGET = 8.2;
				MTL_ENABLE_DEBUG_INFO = NO;
				SDKROOT = iphoneos;
				TARGETED_DEVICE_FAMILY = "1,2";
				VALIDATE_PRODUCT = YES;
			};
			name = Release;
		};
		14B515951ABF138A0000CC4F /* Debug */ = {
			isa = XCBuildConfiguration;
			baseConfigurationReference = F9A307DB9FAE998089EC8968 /* Pods-Collara.debug.xcconfig */;
			buildSettings = {
				ASSETCATALOG_COMPILER_APPICON_NAME = AppIcon;
				ASSETCATALOG_COMPILER_LAUNCHIMAGE_NAME = LaunchImage;
				CODE_SIGN_IDENTITY = "iPhone Developer";
				"CODE_SIGN_IDENTITY[sdk=iphoneos*]" = "iPhone Developer";
				FRAMEWORK_SEARCH_PATHS = (
					"$(inherited)",
					"$(PROJECT_DIR)/JabbrClient/External",
				);
				INFOPLIST_FILE = JabbrClient/Info.plist;
				IPHONEOS_DEPLOYMENT_TARGET = 7.0;
				LD_RUNPATH_SEARCH_PATHS = "$(inherited) @executable_path/Frameworks";
				PRODUCT_NAME = Collara;
				PROVISIONING_PROFILE = "";
				TARGETED_DEVICE_FAMILY = 1;
			};
			name = Debug;
		};
		14B515961ABF138A0000CC4F /* Release */ = {
			isa = XCBuildConfiguration;
			baseConfigurationReference = 388092327DB112E57ACB1DF5 /* Pods-Collara.release.xcconfig */;
			buildSettings = {
				ASSETCATALOG_COMPILER_APPICON_NAME = AppIcon;
				ASSETCATALOG_COMPILER_LAUNCHIMAGE_NAME = LaunchImage;
				CODE_SIGN_IDENTITY = "iPhone Developer";
				"CODE_SIGN_IDENTITY[sdk=iphoneos*]" = "iPhone Distribution: Hiveeo Aps (YJK9294VWR)";
				FRAMEWORK_SEARCH_PATHS = (
					"$(inherited)",
					"$(PROJECT_DIR)/JabbrClient/External",
				);
				INFOPLIST_FILE = JabbrClient/Info.plist;
				IPHONEOS_DEPLOYMENT_TARGET = 7.0;
				LD_RUNPATH_SEARCH_PATHS = "$(inherited) @executable_path/Frameworks";
				PRODUCT_NAME = Collara;
				PROVISIONING_PROFILE = "";
				TARGETED_DEVICE_FAMILY = 1;
			};
			name = Release;
		};
		14B515981ABF138A0000CC4F /* Debug */ = {
			isa = XCBuildConfiguration;
			buildSettings = {
				BUNDLE_LOADER = "$(TEST_HOST)";
				FRAMEWORK_SEARCH_PATHS = (
					"$(SDKROOT)/Developer/Library/Frameworks",
					"$(inherited)",
				);
				GCC_PREPROCESSOR_DEFINITIONS = (
					"DEBUG=1",
					"$(inherited)",
				);
				INFOPLIST_FILE = JabbrClientTests/Info.plist;
				LD_RUNPATH_SEARCH_PATHS = "$(inherited) @executable_path/Frameworks @loader_path/Frameworks";
				PRODUCT_NAME = CollaraTests;
			};
			name = Debug;
		};
		14B515991ABF138A0000CC4F /* Release */ = {
			isa = XCBuildConfiguration;
			buildSettings = {
				BUNDLE_LOADER = "$(TEST_HOST)";
				FRAMEWORK_SEARCH_PATHS = (
					"$(SDKROOT)/Developer/Library/Frameworks",
					"$(inherited)",
				);
				INFOPLIST_FILE = JabbrClientTests/Info.plist;
				LD_RUNPATH_SEARCH_PATHS = "$(inherited) @executable_path/Frameworks @loader_path/Frameworks";
				PRODUCT_NAME = CollaraTests;
			};
			name = Release;
		};
/* End XCBuildConfiguration section */

/* Begin XCConfigurationList section */
		14B515691ABF138A0000CC4F /* Build configuration list for PBXProject "Collara" */ = {
			isa = XCConfigurationList;
			buildConfigurations = (
				14B515921ABF138A0000CC4F /* Debug */,
				14B515931ABF138A0000CC4F /* Release */,
			);
			defaultConfigurationIsVisible = 0;
			defaultConfigurationName = Release;
		};
		14B515941ABF138A0000CC4F /* Build configuration list for PBXNativeTarget "Collara" */ = {
			isa = XCConfigurationList;
			buildConfigurations = (
				14B515951ABF138A0000CC4F /* Debug */,
				14B515961ABF138A0000CC4F /* Release */,
			);
			defaultConfigurationIsVisible = 0;
			defaultConfigurationName = Release;
		};
		14B515971ABF138A0000CC4F /* Build configuration list for PBXNativeTarget "CollaraTests" */ = {
			isa = XCConfigurationList;
			buildConfigurations = (
				14B515981ABF138A0000CC4F /* Debug */,
				14B515991ABF138A0000CC4F /* Release */,
			);
			defaultConfigurationIsVisible = 0;
			defaultConfigurationName = Release;
		};
/* End XCConfigurationList section */
	};
	rootObject = 14B515661ABF138A0000CC4F /* Project object */;
}
